# THIS IS AN AUTOGENERATED FILE. DO NOT EDIT THIS FILE DIRECTLY.
# yarn lockfile v1


"@aws-crypto/crc32@5.2.0":
  version "5.2.0"
  resolved "https://registry.yarnpkg.com/@aws-crypto/crc32/-/crc32-5.2.0.tgz#cfcc22570949c98c6689cfcbd2d693d36cdae2e1"
  integrity sha512-nLbCWqQNgUiwwtFsen1AdzAtvuLRsQS8rYgMuxCrdKf9kOssamGLuPwyTY9wyYblNr9+1XM8v6zoDTPPSIeANg==
  dependencies:
    "@aws-crypto/util" "^5.2.0"
    "@aws-sdk/types" "^3.222.0"
    tslib "^2.6.2"

"@aws-crypto/crc32c@5.2.0":
  version "5.2.0"
  resolved "https://registry.yarnpkg.com/@aws-crypto/crc32c/-/crc32c-5.2.0.tgz#4e34aab7f419307821509a98b9b08e84e0c1917e"
  integrity sha512-+iWb8qaHLYKrNvGRbiYRHSdKRWhto5XlZUEBwDjYNf+ly5SVYG6zEoYIdxvf5R3zyeP16w4PLBn3rH1xc74Rag==
  dependencies:
    "@aws-crypto/util" "^5.2.0"
    "@aws-sdk/types" "^3.222.0"
    tslib "^2.6.2"

"@aws-crypto/sha1-browser@5.2.0":
  version "5.2.0"
  resolved "https://registry.yarnpkg.com/@aws-crypto/sha1-browser/-/sha1-browser-5.2.0.tgz#b0ee2d2821d3861f017e965ef3b4cb38e3b6a0f4"
  integrity sha512-OH6lveCFfcDjX4dbAvCFSYUjJZjDr/3XJ3xHtjn3Oj5b9RjojQo8npoLeA/bNwkOkrSQ0wgrHzXk4tDRxGKJeg==
  dependencies:
    "@aws-crypto/supports-web-crypto" "^5.2.0"
    "@aws-crypto/util" "^5.2.0"
    "@aws-sdk/types" "^3.222.0"
    "@aws-sdk/util-locate-window" "^3.0.0"
    "@smithy/util-utf8" "^2.0.0"
    tslib "^2.6.2"

"@aws-crypto/sha256-browser@5.2.0":
  version "5.2.0"
  resolved "https://registry.yarnpkg.com/@aws-crypto/sha256-browser/-/sha256-browser-5.2.0.tgz#153895ef1dba6f9fce38af550e0ef58988eb649e"
  integrity sha512-AXfN/lGotSQwu6HNcEsIASo7kWXZ5HYWvfOmSNKDsEqC4OashTp8alTmaz+F7TC2L083SFv5RdB+qU3Vs1kZqw==
  dependencies:
    "@aws-crypto/sha256-js" "^5.2.0"
    "@aws-crypto/supports-web-crypto" "^5.2.0"
    "@aws-crypto/util" "^5.2.0"
    "@aws-sdk/types" "^3.222.0"
    "@aws-sdk/util-locate-window" "^3.0.0"
    "@smithy/util-utf8" "^2.0.0"
    tslib "^2.6.2"

"@aws-crypto/sha256-js@5.2.0", "@aws-crypto/sha256-js@^5.2.0":
  version "5.2.0"
  resolved "https://registry.yarnpkg.com/@aws-crypto/sha256-js/-/sha256-js-5.2.0.tgz#c4fdb773fdbed9a664fc1a95724e206cf3860042"
  integrity sha512-FFQQyu7edu4ufvIZ+OadFpHHOt+eSTBaYaki44c+akjg7qZg9oOQeLlk77F6tSYqjDAFClrHJk9tMf0HdVyOvA==
  dependencies:
    "@aws-crypto/util" "^5.2.0"
    "@aws-sdk/types" "^3.222.0"
    tslib "^2.6.2"

"@aws-crypto/supports-web-crypto@^5.2.0":
  version "5.2.0"
  resolved "https://registry.yarnpkg.com/@aws-crypto/supports-web-crypto/-/supports-web-crypto-5.2.0.tgz#a1e399af29269be08e695109aa15da0a07b5b5fb"
  integrity sha512-iAvUotm021kM33eCdNfwIN//F77/IADDSs58i+MDaOqFrVjZo9bAal0NK7HurRuWLLpF1iLX7gbWrjHjeo+YFg==
  dependencies:
    tslib "^2.6.2"

"@aws-crypto/util@5.2.0", "@aws-crypto/util@^5.2.0":
  version "5.2.0"
  resolved "https://registry.yarnpkg.com/@aws-crypto/util/-/util-5.2.0.tgz#71284c9cffe7927ddadac793c14f14886d3876da"
  integrity sha512-4RkU9EsI6ZpBve5fseQlGNUWKMa1RLPQ1dnjnQoe07ldfIzcsGb5hC5W0Dm7u423KWzawlrpbjXBrXCEv9zazQ==
  dependencies:
    "@aws-sdk/types" "^3.222.0"
    "@smithy/util-utf8" "^2.0.0"
    tslib "^2.6.2"

"@aws-sdk/client-s3@^3.162.0":
  version "3.1047.0"
  resolved "https://registry.yarnpkg.com/@aws-sdk/client-s3/-/client-s3-3.1047.0.tgz#af89050a45fc75480154ad7f0bc69d536a0d0424"
  integrity sha512-gk8g31eqvgf7eLCpkVjWs9KL7gYgkomt3FT2o9tbIe6goYrBheN2lHxhCsTn1zFYbt7EwrZXTGkQPIQNIN0c5w==
  dependencies:
    "@aws-crypto/sha1-browser" "5.2.0"
    "@aws-crypto/sha256-browser" "5.2.0"
    "@aws-crypto/sha256-js" "5.2.0"
    "@aws-sdk/core" "^3.974.10"
    "@aws-sdk/credential-provider-node" "^3.972.41"
    "@aws-sdk/middleware-bucket-endpoint" "^3.972.12"
    "@aws-sdk/middleware-expect-continue" "^3.972.11"
    "@aws-sdk/middleware-flexible-checksums" "^3.974.18"
    "@aws-sdk/middleware-host-header" "^3.972.11"
    "@aws-sdk/middleware-location-constraint" "^3.972.10"
    "@aws-sdk/middleware-logger" "^3.972.10"
    "@aws-sdk/middleware-recursion-detection" "^3.972.12"
    "@aws-sdk/middleware-sdk-s3" "^3.972.39"
    "@aws-sdk/middleware-ssec" "^3.972.10"
    "@aws-sdk/middleware-user-agent" "^3.972.40"
    "@aws-sdk/region-config-resolver" "^3.972.14"
    "@aws-sdk/signature-v4-multi-region" "^3.996.26"
    "@aws-sdk/types" "^3.973.8"
    "@aws-sdk/util-endpoints" "^3.996.9"
    "@aws-sdk/util-user-agent-browser" "^3.972.11"
    "@aws-sdk/util-user-agent-node" "^3.973.26"
    "@smithy/core" "^3.24.1"
    "@smithy/fetch-http-handler" "^5.4.1"
    "@smithy/node-http-handler" "^4.7.1"
    "@smithy/types" "^4.14.1"
    tslib "^2.6.2"

"@aws-sdk/core@^3.974.10":
  version "3.974.10"
  resolved "https://registry.yarnpkg.com/@aws-sdk/core/-/core-3.974.10.tgz#fbd1737463aaaea96be841d7a820d2ae2f5947a8"
  integrity sha512-ZGFFlYynBR78Y/F8b/7y4i4sgW/iGwJSjoM7AZo5Et6vyr4/L0bunN+uzKMsvecCZyqcPp4RRK7Rs17l0kMujg==
  dependencies:
    "@aws-sdk/types" "^3.973.8"
    "@aws-sdk/xml-builder" "^3.972.24"
    "@smithy/core" "^3.24.1"
    "@smithy/signature-v4" "^5.4.1"
    "@smithy/types" "^4.14.1"
    tslib "^2.6.2"

"@aws-sdk/crc64-nvme@^3.972.8":
  version "3.972.8"
  resolved "https://registry.yarnpkg.com/@aws-sdk/crc64-nvme/-/crc64-nvme-3.972.8.tgz#47e2ab559e881c0bdabff178a62ed4249f3fc1a8"
  integrity sha512-fVfUCL/Xh2zINYMPZvj+iBn6XWouQf0DAnjaWCI9MkmqXzL2Iy5FoQB8O7syFe6gN6AH1ecDDU58T51Ou0kFkA==
  dependencies:
    "@smithy/types" "^4.14.1"
    tslib "^2.6.2"

"@aws-sdk/credential-provider-env@^3.972.36":
  version "3.972.36"
  resolved "https://registry.yarnpkg.com/@aws-sdk/credential-provider-env/-/credential-provider-env-3.972.36.tgz#3f8d72956bcdabaee74ddf9e7bebdac8026c8fbd"
  integrity sha512-gE+CGuPZD1eqUWGSrM8CXDjlwuPujIuwI+IlorD1wE2RcANKKT4jscB9GY1nTJbjmXzD18sycsYbgCG5m3n4/g==
  dependencies:
    "@aws-sdk/core" "^3.974.10"
    "@aws-sdk/types" "^3.973.8"
    "@smithy/core" "^3.24.1"
    "@smithy/types" "^4.14.1"
    tslib "^2.6.2"

"@aws-sdk/credential-provider-http@^3.972.38":
  version "3.972.38"
  resolved "https://registry.yarnpkg.com/@aws-sdk/credential-provider-http/-/credential-provider-http-3.972.38.tgz#bde930345b479c6b66da47748be0836ab4aecb8a"
  integrity sha512-cHZo3bV6zN9joDQ2AYVctfzHTKStxWKwnGu0z7GwCUC+DAtB3qL/+26l+a63RbmFbVvb1JK+0vJKodN3hRMwyw==
  dependencies:
    "@aws-sdk/core" "^3.974.10"
    "@aws-sdk/types" "^3.973.8"
    "@smithy/core" "^3.24.1"
    "@smithy/fetch-http-handler" "^5.4.1"
    "@smithy/node-http-handler" "^4.7.1"
    "@smithy/types" "^4.14.1"
    tslib "^2.6.2"

"@aws-sdk/credential-provider-ini@^3.972.40":
  version "3.972.40"
  resolved "https://registry.yarnpkg.com/@aws-sdk/credential-provider-ini/-/credential-provider-ini-3.972.40.tgz#dea48f7b02ea7fc20db57c8b8626ae79caf4186a"
  integrity sha512-0NFGS9I3PD2yMveQqqpwpRdyZVStzgk0Yr2rZHh80kV/QNqQCK5lSrksvU3nBcRNSUF5Uk8rL3Xk0EVR+UVAnA==
  dependencies:
    "@aws-sdk/core" "^3.974.10"
    "@aws-sdk/credential-provider-env" "^3.972.36"
    "@aws-sdk/credential-provider-http" "^3.972.38"
    "@aws-sdk/credential-provider-login" "^3.972.40"
    "@aws-sdk/credential-provider-process" "^3.972.36"
    "@aws-sdk/credential-provider-sso" "^3.972.40"
    "@aws-sdk/credential-provider-web-identity" "^3.972.40"
    "@aws-sdk/nested-clients" "^3.997.8"
    "@aws-sdk/types" "^3.973.8"
    "@smithy/core" "^3.24.1"
    "@smithy/credential-provider-imds" "^4.3.1"
    "@smithy/types" "^4.14.1"
    tslib "^2.6.2"

"@aws-sdk/credential-provider-login@^3.972.40":
  version "3.972.40"
  resolved "https://registry.yarnpkg.com/@aws-sdk/credential-provider-login/-/credential-provider-login-3.972.40.tgz#2224c399827dd9f8932d2ac0c36be545e2144327"
  integrity sha512-IEIl+UQnrEjZP53TSl91e8LBephi4i1Mt9WZrMgN8pOg6xPOLZdkN1GhsEzjkMD1TQy4Fp2dwWA/9ToTQFOlLA==
  dependencies:
    "@aws-sdk/core" "^3.974.10"
    "@aws-sdk/nested-clients" "^3.997.8"
    "@aws-sdk/types" "^3.973.8"
    "@smithy/core" "^3.24.1"
    "@smithy/types" "^4.14.1"
    tslib "^2.6.2"

"@aws-sdk/credential-provider-node@^3.972.41":
  version "3.972.41"
  resolved "https://registry.yarnpkg.com/@aws-sdk/credential-provider-node/-/credential-provider-node-3.972.41.tgz#e4a6798727336f1322a99341d24e8175995f130f"
  integrity sha512-h6BlclpsPGkx7Pv7ukr8oKVqN3jvxnH5n9ZIUQa8focr1ZkKd2MYiPJ2Nv9GI97dohJVJBfZAsTp/qoZL5R1pw==
  dependencies:
    "@aws-sdk/credential-provider-env" "^3.972.36"
    "@aws-sdk/credential-provider-http" "^3.972.38"
    "@aws-sdk/credential-provider-ini" "^3.972.40"
    "@aws-sdk/credential-provider-process" "^3.972.36"
    "@aws-sdk/credential-provider-sso" "^3.972.40"
    "@aws-sdk/credential-provider-web-identity" "^3.972.40"
    "@aws-sdk/types" "^3.973.8"
    "@smithy/core" "^3.24.1"
    "@smithy/credential-provider-imds" "^4.3.1"
    "@smithy/types" "^4.14.1"
    tslib "^2.6.2"

"@aws-sdk/credential-provider-process@^3.972.36":
  version "3.972.36"
  resolved "https://registry.yarnpkg.com/@aws-sdk/credential-provider-process/-/credential-provider-process-3.972.36.tgz#320952d2a98d39beb6ef5d952fc9faea849a6d9b"
  integrity sha512-eDQ6X7clTAOxXegOx4rGT1hyfusGEYdJGCGo0Ym2+CKeMQBjk+SJSxSVev11NJew5xJHJ/c3hryl2awKaxuSEA==
  dependencies:
    "@aws-sdk/core" "^3.974.10"
    "@aws-sdk/types" "^3.973.8"
    "@smithy/core" "^3.24.1"
    "@smithy/types" "^4.14.1"
    tslib "^2.6.2"

"@aws-sdk/credential-provider-sso@^3.972.40":
  version "3.972.40"
  resolved "https://registry.yarnpkg.com/@aws-sdk/credential-provider-sso/-/credential-provider-sso-3.972.40.tgz#1f5530167f3b00350a7a316417c2b1d86799e1fb"
  integrity sha512-jaABbsoOkGlKg5kaHetYmUV6mWM57H89ia0Yksom1XxC847mfjmEVb4p7VijS1sjPbXjUii4cftJuwsl4MXkRg==
  dependencies:
    "@aws-sdk/core" "^3.974.10"
    "@aws-sdk/nested-clients" "^3.997.8"
    "@aws-sdk/token-providers" "3.1047.0"
    "@aws-sdk/types" "^3.973.8"
    "@smithy/core" "^3.24.1"
    "@smithy/types" "^4.14.1"
    tslib "^2.6.2"

"@aws-sdk/credential-provider-web-identity@^3.972.40":
  version "3.972.40"
  resolved "https://registry.yarnpkg.com/@aws-sdk/credential-provider-web-identity/-/credential-provider-web-identity-3.972.40.tgz#8927509840005722fa1a02620de32895fe7b79ca"
  integrity sha512-bfIrM8IIzbRtXRQWx/vNEUBLTImLZyX5uKk8uSdeSAZ4Mj3Yi4UnRJLK4FkQLWErbM3McpVLQ1DaM6XO66Ed5g==
  dependencies:
    "@aws-sdk/core" "^3.974.10"
    "@aws-sdk/nested-clients" "^3.997.8"
    "@aws-sdk/types" "^3.973.8"
    "@smithy/core" "^3.24.1"
    "@smithy/types" "^4.14.1"
    tslib "^2.6.2"

"@aws-sdk/middleware-bucket-endpoint@^3.972.12":
  version "3.972.12"
  resolved "https://registry.yarnpkg.com/@aws-sdk/middleware-bucket-endpoint/-/middleware-bucket-endpoint-3.972.12.tgz#6e8e9a11721eb572b84985cc074598915e209866"
  integrity sha512-MAG0Adg7FFEwuoeLbb5SBnXDW7S2EpNTwHnQ4h3pJqSKVQOhOmugyA1MfMh6AD4SAfx0lko4htZdwkNoLqFj5A==
  dependencies:
    "@aws-sdk/core" "^3.974.10"
    "@aws-sdk/types" "^3.973.8"
    "@smithy/core" "^3.24.1"
    "@smithy/types" "^4.14.1"
    tslib "^2.6.2"

"@aws-sdk/middleware-expect-continue@^3.972.11":
  version "3.972.11"
  resolved "https://registry.yarnpkg.com/@aws-sdk/middleware-expect-continue/-/middleware-expect-continue-3.972.11.tgz#0032f71381e720a6540263225dfd6b81ef3d9278"
  integrity sha512-xpobcctR1AHSrvkiArgTyLffn78Lt9unPMpa/yic9RKn+bOf/5M55UIM6RaPL5xKzI06/GSsTDywTWvzEAbyyw==
  dependencies:
    "@aws-sdk/types" "^3.973.8"
    "@smithy/core" "^3.24.1"
    "@smithy/types" "^4.14.1"
    tslib "^2.6.2"

"@aws-sdk/middleware-flexible-checksums@^3.974.18":
  version "3.974.18"
  resolved "https://registry.yarnpkg.com/@aws-sdk/middleware-flexible-checksums/-/middleware-flexible-checksums-3.974.18.tgz#00a54ee62c3d6e882421f47104ccfd5f02fb3f50"
  integrity sha512-2noO+4ARfC+8vOIyvJvQE6bioVaTRkUcPvUoM/jgwXcweZnZovSZ6OCs/cs+NU2p7yvuwuJT/7LkTzBSj5pU4A==
  dependencies:
    "@aws-crypto/crc32" "5.2.0"
    "@aws-crypto/crc32c" "5.2.0"
    "@aws-crypto/util" "5.2.0"
    "@aws-sdk/core" "^3.974.10"
    "@aws-sdk/crc64-nvme" "^3.972.8"
    "@aws-sdk/types" "^3.973.8"
    "@smithy/core" "^3.24.1"
    "@smithy/types" "^4.14.1"
    tslib "^2.6.2"

"@aws-sdk/middleware-host-header@^3.972.11":
  version "3.972.11"
  resolved "https://registry.yarnpkg.com/@aws-sdk/middleware-host-header/-/middleware-host-header-3.972.11.tgz#222152cc6631e79298b122275c5f9b37cf706478"
  integrity sha512-CBC6+tVYaOJo7QXgN1zJ4Ba2f3/Cpy4eRViYFimXW/O5Mn8hBmgXXzHu4vy4ubT80YWnp8aCFygr7dTOa14yQg==
  dependencies:
    "@aws-sdk/types" "^3.973.8"
    "@smithy/core" "^3.24.1"
    "@smithy/types" "^4.14.1"
    tslib "^2.6.2"

"@aws-sdk/middleware-location-constraint@^3.972.10":
  version "3.972.10"
  resolved "https://registry.yarnpkg.com/@aws-sdk/middleware-location-constraint/-/middleware-location-constraint-3.972.10.tgz#5265ea472f735c50b016bb5d1b46c7a616653733"
  integrity sha512-rI3NZvJcEvjoD0+0PI0iUAwlPw2IlSlhyvgBK/3WkKJQE/YiKFedd9dMN2lVacdNxPNhxL/jzQaKQdrGtQagjQ==
  dependencies:
    "@aws-sdk/types" "^3.973.8"
    "@smithy/types" "^4.14.1"
    tslib "^2.6.2"

"@aws-sdk/middleware-logger@^3.972.10":
  version "3.972.10"
  resolved "https://registry.yarnpkg.com/@aws-sdk/middleware-logger/-/middleware-logger-3.972.10.tgz#d92b3374dcaddd523930bdff441207946343c270"
  integrity sha512-OOuGvvz1Dm20SjZo5oEBePFqxt5nf8AwkNDSyUHvD9/bfNASmstcYxFAHUowy4n6Io7mWUZ04JURZwSBvyQanQ==
  dependencies:
    "@aws-sdk/types" "^3.973.8"
    "@smithy/types" "^4.14.1"
    tslib "^2.6.2"

"@aws-sdk/middleware-recursion-detection@^3.972.12":
  version "3.972.12"
  resolved "https://registry.yarnpkg.com/@aws-sdk/middleware-recursion-detection/-/middleware-recursion-detection-3.972.12.tgz#b91cf1b3cf9e06900eb5069624fc99c333cfe1b5"
  integrity sha512-5eltYxKB4MfdQv7/VhWxRbAVQKow5dz9votRFigTYrWJHMQXwLMltlbk7KFWSZh5NDBySfmjT7Jv/DWfYCmDng==
  dependencies:
    "@aws-sdk/types" "^3.973.8"
    "@aws/lambda-invoke-store" "^0.2.2"
    "@smithy/core" "^3.24.1"
    "@smithy/types" "^4.14.1"
    tslib "^2.6.2"

"@aws-sdk/middleware-sdk-s3@^3.972.39":
  version "3.972.39"
  resolved "https://registry.yarnpkg.com/@aws-sdk/middleware-sdk-s3/-/middleware-sdk-s3-3.972.39.tgz#d2ec13d36e55081eb406ab027d2897f5015b33db"
  integrity sha512-cimoQxecHHNad+lv2g7QJ24Cxqh1P0EULJSxyX4YD95BUIGeGRPumbdEXpHPxNkJRU99DVmh7u16Y+uhFu31Yw==
  dependencies:
    "@aws-sdk/core" "^3.974.10"
    "@aws-sdk/signature-v4-multi-region" "^3.996.26"
    "@aws-sdk/types" "^3.973.8"
    "@smithy/core" "^3.24.1"
    "@smithy/signature-v4" "^5.4.1"
    "@smithy/types" "^4.14.1"
    tslib "^2.6.2"

"@aws-sdk/middleware-ssec@^3.972.10":
  version "3.972.10"
  resolved "https://registry.yarnpkg.com/@aws-sdk/middleware-ssec/-/middleware-ssec-3.972.10.tgz#46b5c030c0116f51110e18042ad3cf863ab5c81c"
  integrity sha512-Gli9A0u8EVVb+5bFDGS/QbSVg28w/wpEidg1ggVcSj65BDTdGR6punsOcVjqdiu1i42WHWo51MCvARPIIz9juw==
  dependencies:
    "@aws-sdk/types" "^3.973.8"
    "@smithy/types" "^4.14.1"
    tslib "^2.6.2"

"@aws-sdk/middleware-user-agent@^3.972.40":
  version "3.972.40"
  resolved "https://registry.yarnpkg.com/@aws-sdk/middleware-user-agent/-/middleware-user-agent-3.972.40.tgz#9abc172e674aad0cf3c8f66309b6c5e30c38b719"
  integrity sha512-QLpD+HNQtL1Mc49/GRa6RmZvi/TEYBWPevC9F3L+j96IoG3xOSRctdQfbkX0lETb3TX9QQXU1oGYDmAB+YJprA==
  dependencies:
    "@aws-sdk/core" "^3.974.10"
    "@aws-sdk/types" "^3.973.8"
    "@aws-sdk/util-endpoints" "^3.996.9"
    "@smithy/core" "^3.24.1"
    "@smithy/types" "^4.14.1"
    tslib "^2.6.2"

"@aws-sdk/nested-clients@^3.997.8":
  version "3.997.8"
  resolved "https://registry.yarnpkg.com/@aws-sdk/nested-clients/-/nested-clients-3.997.8.tgz#33a1cbfd8d4d4f837c3c402488999f3446714278"
  integrity sha512-/Vw2M27w+0APfMDzDpvv8auA4WiJ4D22+lC61pMS2M8Wk+4IydeRqh5utbrh+A5gQRxgUYd/xz3tdv8nQlmiHg==
  dependencies:
    "@aws-crypto/sha256-browser" "5.2.0"
    "@aws-crypto/sha256-js" "5.2.0"
    "@aws-sdk/core" "^3.974.10"
    "@aws-sdk/middleware-host-header" "^3.972.11"
    "@aws-sdk/middleware-logger" "^3.972.10"
    "@aws-sdk/middleware-recursion-detection" "^3.972.12"
    "@aws-sdk/middleware-user-agent" "^3.972.40"
    "@aws-sdk/region-config-resolver" "^3.972.14"
    "@aws-sdk/signature-v4-multi-region" "^3.996.26"
    "@aws-sdk/types" "^3.973.8"
    "@aws-sdk/util-endpoints" "^3.996.9"
    "@aws-sdk/util-user-agent-browser" "^3.972.11"
    "@aws-sdk/util-user-agent-node" "^3.973.26"
    "@smithy/core" "^3.24.1"
    "@smithy/fetch-http-handler" "^5.4.1"
    "@smithy/node-http-handler" "^4.7.1"
    "@smithy/types" "^4.14.1"
    tslib "^2.6.2"

"@aws-sdk/region-config-resolver@^3.972.14":
  version "3.972.14"
  resolved "https://registry.yarnpkg.com/@aws-sdk/region-config-resolver/-/region-config-resolver-3.972.14.tgz#3b757186423c0ed990172a0628307528704baa55"
  integrity sha512-VuLXVmm7+lKVxqFcOItPkXhjbJ02iUfxkxheRu41SfWf6/xrZup2A2SwHZos/LeQGu3SBHeqTQht80Uo3ienPA==
  dependencies:
    "@aws-sdk/types" "^3.973.8"
    "@smithy/core" "^3.24.1"
    "@smithy/types" "^4.14.1"
    tslib "^2.6.2"

"@aws-sdk/signature-v4-multi-region@^3.996.26":
  version "3.996.26"
  resolved "https://registry.yarnpkg.com/@aws-sdk/signature-v4-multi-region/-/signature-v4-multi-region-3.996.26.tgz#a207d2739fcc64dce16ebb744e0f0b970b32d18c"
  integrity sha512-2N62veqdMZBCwQUHsbhtnaovOFjOa5Dn3dAD1nRqFTUXR4QmirT3HZnfus/L1DS08Vm5CkoKmL0iMVt6YbqEag==
  dependencies:
    "@aws-sdk/types" "^3.973.8"
    "@smithy/core" "^3.24.1"
    "@smithy/signature-v4" "^5.4.1"
    "@smithy/types" "^4.14.1"
    tslib "^2.6.2"

"@aws-sdk/token-providers@3.1047.0":
  version "3.1047.0"
  resolved "https://registry.yarnpkg.com/@aws-sdk/token-providers/-/token-providers-3.1047.0.tgz#1a3887817575f71a252d144b73aabf0f8609844f"
  integrity sha512-GwJUeMijpeO2SOGGLRg4q2Nj9foBUBd7hTALYVId+m8fQmA4P2hITp5dmrZFd4AjEkSVmt2eFqmk3TttF7HZeQ==
  dependencies:
    "@aws-sdk/core" "^3.974.10"
    "@aws-sdk/nested-clients" "^3.997.8"
    "@aws-sdk/types" "^3.973.8"
    "@smithy/core" "^3.24.1"
    "@smithy/types" "^4.14.1"
    tslib "^2.6.2"

"@aws-sdk/types@^3.222.0", "@aws-sdk/types@^3.973.8":
  version "3.973.8"
  resolved "https://registry.yarnpkg.com/@aws-sdk/types/-/types-3.973.8.tgz#7352cb74a5f8bae1218eee63e714cf94302911c5"
  integrity sha512-gjlAdtHMbtR9X5iIhVUvbVcy55KnznpC6bkDUWW9z915bi0ckdUr5cjf16Kp6xq0bP5HBD2xzgbL9F9Quv5vUw==
  dependencies:
    "@smithy/types" "^4.14.1"
    tslib "^2.6.2"

"@aws-sdk/util-endpoints@^3.996.9":
  version "3.996.9"
  resolved "https://registry.yarnpkg.com/@aws-sdk/util-endpoints/-/util-endpoints-3.996.9.tgz#3434e8e76011ba05a124947c277ef9eca8a67c65"
  integrity sha512-ibx8Vd73rCTHekNGeXX8cpGWoBKbNAlwKHL3yjSxxttu5QnNDaSAM7/0MFYDjU31/F4lyrPoQcGirT0ew61xcg==
  dependencies:
    "@aws-sdk/types" "^3.973.8"
    "@smithy/core" "^3.24.1"
    "@smithy/types" "^4.14.1"
    tslib "^2.6.2"

"@aws-sdk/util-locate-window@^3.0.0":
  version "3.965.5"
  resolved "https://registry.yarnpkg.com/@aws-sdk/util-locate-window/-/util-locate-window-3.965.5.tgz#e30e6ff2aff6436209ed42c765dec2d2a48df7c0"
  integrity sha512-WhlJNNINQB+9qtLtZJcpQdgZw3SCDCpXdUJP7cToGwHbCWCnRckGlc6Bx/OhWwIYFNAn+FIydY8SZ0QmVu3xTQ==
  dependencies:
    tslib "^2.6.2"

"@aws-sdk/util-user-agent-browser@^3.972.11":
  version "3.972.11"
  resolved "https://registry.yarnpkg.com/@aws-sdk/util-user-agent-browser/-/util-user-agent-browser-3.972.11.tgz#9215b5931643711d06080e9568be9180992fe916"
  integrity sha512-kq3RS6XQtHMrLFShbkem6h+8fxazB3jEIsbMC6aaSInOciRGE+eGAqTgJ+obO7Euo/pjM8thVqLiLISEH9X9DA==
  dependencies:
    "@aws-sdk/types" "^3.973.8"
    "@smithy/types" "^4.14.1"
    bowser "^2.11.0"
    tslib "^2.6.2"

"@aws-sdk/util-user-agent-node@^3.973.26":
  version "3.973.26"
  resolved "https://registry.yarnpkg.com/@aws-sdk/util-user-agent-node/-/util-user-agent-node-3.973.26.tgz#c0c73171472e53dc7bfcef0d11b829030437b9a0"
  integrity sha512-9bHR/EERjhrUGyo1qW620ogbGBtCglYB/pEtcm85sVd4/Ah+bwdLI3g1aJf75oNwNwh7+fw+8wOk/OCWHjzVmA==
  dependencies:
    "@aws-sdk/middleware-user-agent" "^3.972.40"
    "@aws-sdk/types" "^3.973.8"
    "@smithy/core" "^3.24.1"
    "@smithy/types" "^4.14.1"
    tslib "^2.6.2"

"@aws-sdk/xml-builder@^3.972.24":
  version "3.972.24"
  resolved "https://registry.yarnpkg.com/@aws-sdk/xml-builder/-/xml-builder-3.972.24.tgz#83ae19e48bdb897dff595a5430103dd1b4f7b6ff"
  integrity sha512-V8z5YcDPfsvzrBlj0xR1vhRtocblhYbqdreCJB/voGd4Sr5zjNAeWxexbnqVtskTJe0vFb5KMqbSL++ePl+zRw==
  dependencies:
    "@nodable/entities" "2.1.0"
    "@smithy/types" "^4.14.1"
    fast-xml-parser "5.7.3"
    tslib "^2.6.2"

"@aws/lambda-invoke-store@^0.2.2":
  version "0.2.4"
  resolved "https://registry.yarnpkg.com/@aws/lambda-invoke-store/-/lambda-invoke-store-0.2.4.tgz#802f6a50f6b6589063ef63ba8acdee86fcb9f395"
  integrity sha512-iY8yvjE0y651BixKNPgmv1WrQc+GZ142sb0z4gYnChDDY2YqI4P/jsSopBWrKfAt7LOJAkOXt7rC/hms+WclQQ==

"@nodable/entities@2.1.0", "@nodable/entities@^2.1.0":
  version "2.1.0"
  resolved "https://registry.yarnpkg.com/@nodable/entities/-/entities-2.1.0.tgz#f543e5c6446720d4cf9e498a83019dd159973bc2"
  integrity sha512-nyT7T3nbMyBI/lvr6L5TyWbFJAI9FTgVRakNoBqCD+PmID8DzFrrNdLLtHMwMszOtqZa8PAOV24ZqDnQrhQINA==

"@smithy/core@^3.24.1", "@smithy/core@^3.24.2":
  version "3.24.2"
  resolved "https://registry.yarnpkg.com/@smithy/core/-/core-3.24.2.tgz#38ae63b029ac5afa156ebd0bfd203bdc3966dd9f"
  integrity sha512-IKS7qX59fAGCYBmt5JChcDswQDupZqT2Yn2ZBA3UgTlsjRNNkQzZobbn95xoAAdtTyJmBiJB3Y02qR3rgy3Zog==
  dependencies:
    "@aws-crypto/crc32" "5.2.0"
    "@smithy/types" "^4.14.1"
    tslib "^2.6.2"

"@smithy/credential-provider-imds@^4.3.1":
  version "4.3.2"
  resolved "https://registry.yarnpkg.com/@smithy/credential-provider-imds/-/credential-provider-imds-4.3.2.tgz#8c84d764844f2065962d26a8df930a024d25f0be"
  integrity sha512-iYr9ekBjmZ+FwkiHEopqGscBbl78X62cq3p5Dd0eC+gNd7fybNZFQQdDuOQjTVmFymleuA8YRWZnuXWZ8B3kKA==
  dependencies:
    "@smithy/core" "^3.24.2"
    "@smithy/types" "^4.14.1"
    tslib "^2.6.2"

"@smithy/fetch-http-handler@^5.4.1":
  version "5.4.2"
  resolved "https://registry.yarnpkg.com/@smithy/fetch-http-handler/-/fetch-http-handler-5.4.2.tgz#42a2a02227ad227b2970acb7eef7bceb64994b41"
  integrity sha512-3wF40g8OOCA5BnwQUvwtzZqYBbWWftDjpAlWIUo6Yld3ZzJaMAKqg7MWQBPjE8oLaqvZQUE7tVGlZPsae6A4bQ==
  dependencies:
    "@smithy/core" "^3.24.2"
    "@smithy/types" "^4.14.1"
    tslib "^2.6.2"

"@smithy/is-array-buffer@^2.2.0":
  version "2.2.0"
  resolved "https://registry.yarnpkg.com/@smithy/is-array-buffer/-/is-array-buffer-2.2.0.tgz#f84f0d9f9a36601a9ca9381688bd1b726fd39111"
  integrity sha512-GGP3O9QFD24uGeAXYUjwSTXARoqpZykHadOmA8G5vfJPK0/DC67qa//0qvqrJzL1xc8WQWX7/yc7fwudjPHPhA==
  dependencies:
    tslib "^2.6.2"

"@smithy/node-http-handler@^4.7.1":
  version "4.7.2"
  resolved "https://registry.yarnpkg.com/@smithy/node-http-handler/-/node-http-handler-4.7.2.tgz#94be0d5b2d4cd1398456a889f3ae8af429c33e92"
  integrity sha512-EdksTZ8UXYxGUgQ4mpIKrHoaj9WVGsp66TpZuixLAz1Jex8YDLnS4RH9ktGED5aOpN0OJlEtrsC9IGt76go1eA==
  dependencies:
    "@smithy/core" "^3.24.2"
    "@smithy/types" "^4.14.1"
    tslib "^2.6.2"

"@smithy/signature-v4@^5.4.1":
  version "5.4.2"
  resolved "https://registry.yarnpkg.com/@smithy/signature-v4/-/signature-v4-5.4.2.tgz#54830ba679ec1b5adf06808d37117d9875193f07"
  integrity sha512-1km1OjdLRFuITWpCPofjFqzZ+tbeWuB72ZhcYjbjkCxZ21tTPfIs4GUxRrelMyKMLxLghGD58RENnXorU/O8cw==
  dependencies:
    "@smithy/core" "^3.24.2"
    "@smithy/types" "^4.14.1"
    tslib "^2.6.2"

"@smithy/types@^4.14.1":
  version "4.14.1"
  resolved "https://registry.yarnpkg.com/@smithy/types/-/types-4.14.1.tgz#aba92b4cdb406f2a2b062e82f1e3728d809a7c23"
  integrity sha512-59b5HtSVrVR/eYNei3BUj3DCPKD/G7EtDDe7OEJE7i7FtQFugYo6MxbotS8mVJkLNVf8gYaAlEBwwtJ9HzhWSg==
  dependencies:
    tslib "^2.6.2"

"@smithy/util-buffer-from@^2.2.0":
  version "2.2.0"
  resolved "https://registry.yarnpkg.com/@smithy/util-buffer-from/-/util-buffer-from-2.2.0.tgz#6fc88585165ec73f8681d426d96de5d402021e4b"
  integrity sha512-IJdWBbTcMQ6DA0gdNhh/BwrLkDR+ADW5Kr1aZmd4k3DIF6ezMV4R2NIAmT08wQJ3yUK82thHWmC/TnK/wpMMIA==
  dependencies:
    "@smithy/is-array-buffer" "^2.2.0"
    tslib "^2.6.2"

"@smithy/util-utf8@^2.0.0":
  version "2.3.0"
  resolved "https://registry.yarnpkg.com/@smithy/util-utf8/-/util-utf8-2.3.0.tgz#dd96d7640363259924a214313c3cf16e7dd329c5"
  integrity sha512-R8Rdn8Hy72KKcebgLiv8jQcQkXoLMOGGv5uI1/k0l+snqkOzQ1R0ChUBCxWMlBsFMekWjq0wRudIweFs7sKT5A==
  dependencies:
    "@smithy/util-buffer-from" "^2.2.0"
    tslib "^2.6.2"

"@types/cron@^2.0.0":
  version "2.4.3"
  resolved "https://registry.yarnpkg.com/@types/cron/-/cron-2.4.3.tgz#c4073ffb46778f1d4a7130e66243cfa99f07fdec"
  integrity sha512-ViRBkoZD9Rk0hGeMdd2GHGaOaZuH9mDmwsE5/Zo53Ftwcvh7h9VJc8lIt2wdgEwS4EW5lbtTX6vlE0idCLPOyA==
  dependencies:
    cron "*"

"@types/luxon@~3.7.0":
  version "3.7.1"
  resolved "https://registry.yarnpkg.com/@types/luxon/-/luxon-3.7.1.tgz#ef51b960ff86801e4e2de80c68813a96e529d531"
  integrity sha512-H3iskjFIAn5SlJU7OuxUmTEpebK6TKB8rxZShDslBMZJ5u9S//KM1sbdAisiSrqwLQncVjnpi2OK2J51h+4lsg==

"@types/node@^24.0.0":
  version "24.12.4"
  resolved "https://registry.yarnpkg.com/@types/node/-/node-24.12.4.tgz#2709745569811dcbdc57c097fafdd387c6330382"
  integrity sha512-GUUEShf+PBCGW2KaXwcIt3Yk+e3pkKwWKb9GSyM9WQVE+ep2jzmHdGsHzu4wgcZy5fN9FBdVzjpBQsYlpfpgLA==
  dependencies:
    undici-types "~7.16.0"

bowser@^2.11.0:
  version "2.14.1"
  resolved "https://registry.yarnpkg.com/bowser/-/bowser-2.14.1.tgz#4ea39bf31e305184522d7ad7bfd91389e4f0cb79"
  integrity sha512-tzPjzCxygAKWFOJP011oxFHs57HzIhOEracIgAePE4pqB3LikALKnSzUyU4MGs9/iCEUuHlAJTjTc5M+u7YEGg==

cron@*, cron@^4.0.0:
  version "4.4.0"
  resolved "https://registry.yarnpkg.com/cron/-/cron-4.4.0.tgz#1488444a23ea7134e2b7686c17711abdffcebba8"
  integrity sha512-fkdfq+b+AHI4cKdhZlppHveI/mgz2qpiYxcm+t5E5TsxX7QrLS1VE0+7GENEk9z0EeGPcpSciGv6ez24duWhwQ==
  dependencies:
    "@types/luxon" "~3.7.0"
    luxon "~3.7.0"

envsafe@^2.0.3:
  version "2.0.3"
  resolved "https://registry.yarnpkg.com/envsafe/-/envsafe-2.0.3.tgz#cb88a9f750a67455638ebfc16f4cd5296bb5e1a0"
  integrity sha512-51lek8h5btjXhXUDW//Pno7HPydM1WQzltOb1/ONRKdwB2QkfAURnN4Qn0cJ5LzGvX2Km1ReR2O3K3Bqq9sBMg==

fast-xml-builder@^1.1.7:
  version "1.2.0"
  resolved "https://registry.yarnpkg.com/fast-xml-builder/-/fast-xml-builder-1.2.0.tgz#abd2363145a7625d9789ad96da375fabe3cff28c"
  integrity sha512-00aAWieqff+ZJhsXA4g1g7M8k+7AYoMUUHF+/zFb5U6Uv/P0Vl4QZo84/IcufzYalLuEj9928bXN9PbbFzMF0Q==
  dependencies:
    path-expression-matcher "^1.5.0"
    xml-naming "^0.1.0"

fast-xml-parser@5.7.3:
  version "5.7.3"
  resolved "https://registry.yarnpkg.com/fast-xml-parser/-/fast-xml-parser-5.7.3.tgz#309b04b08d835defc62ab657a0bb340c0e0fbe6a"
  integrity sha512-C0AaNuC+mscy6vrAQKAc/rMq+zAPHodfHGZu4sGVehvAQt/JLG1O5zEcYcXSY5zSqr4YVgxsB+pHXTq0i7eDlg==
  dependencies:
    "@nodable/entities" "^2.1.0"
    fast-xml-builder "^1.1.7"
    path-expression-matcher "^1.5.0"
    strnum "^2.2.3"

luxon@~3.7.0:
  version "3.7.2"
  resolved "https://registry.yarnpkg.com/luxon/-/luxon-3.7.2.tgz#d697e48f478553cca187a0f8436aff468e3ba0ba"
  integrity sha512-vtEhXh/gNjI9Yg1u4jX/0YVPMvxzHuGgCm6tC5kZyb08yjGWGnqAjGJvcXbqQR2P3MyMEFnRbpcdFS6PBcLqew==

path-expression-matcher@^1.5.0:
  version "1.5.0"
  resolved "https://registry.yarnpkg.com/path-expression-matcher/-/path-expression-matcher-1.5.0.tgz#3b98545dc88ffebb593e2d8458d0929da9275f4a"
  integrity sha512-cbrerZV+6rvdQrrD+iGMcZFEiiSrbv9Tfdkvnusy6y0x0GKBXREFg/Y65GhIfm0tnLntThhzCnfKwp1WRjeCyQ==

strnum@^2.2.3:
  version "2.3.0"
  resolved "https://registry.yarnpkg.com/strnum/-/strnum-2.3.0.tgz#81bfbfef53db8c3217ea62a98c026886ec4a2761"
  integrity sha512-ums3KNd42PGyx5xaoVTO1mjU1bH3NpY4vsrVlnv9PNGqQj8wd7rJ6nEypLrJ7z5vxK5RP0yMLo6J/Gsm62DI5Q==

tslib@^2.6.2:
  version "2.8.1"
  resolved "https://registry.yarnpkg.com/tslib/-/tslib-2.8.1.tgz#612efe4ed235d567e8aba5f2a5fab70280ade83f"
  integrity sha512-oJFu94HQb+KVduSUQL7wnpmqnfmLsOA/nAh6b6EH0wCEoK0/mPeXU6c3wKDV83MkOuHPRHtSXKKU99IBazS/2w==

typescript@^6.0.0:
  version "6.0.3"
  resolved "https://registry.yarnpkg.com/typescript/-/typescript-6.0.3.tgz#90251dc007916e972786cb94d74d15b185577d21"
  integrity sha512-y2TvuxSZPDyQakkFRPZHKFm+KKVqIisdg9/CZwm9ftvKXLP8NRWj38/ODjNbr43SsoXqNuAisEf1GdCxqWcdBw==

undici-types@~7.16.0:
  version "7.16.0"
  resolved "https://registry.yarnpkg.com/undici-types/-/undici-types-7.16.0.tgz#ffccdff36aea4884cbfce9a750a0580224f58a46"
  integrity sha512-Zz+aZWSj8LE6zoxD+xrjh4VfkIG8Ya6LvYkZqtUQGJPZjYl53ypCaUwWqo7eI0x66KBGeRo+mlBEkMSeSZ38Nw==

xml-naming@^0.1.0:
  version "0.1.0"
  resolved "https://registry.yarnpkg.com/xml-naming/-/xml-naming-0.1.0.tgz#8ab7106c5b8d23caa2fabac1cadf17136379fbd8"
  integrity sha512-k8KO9hrMyNk6tUWqUfkTEZbezRRpONVOzUTnc97VnCvyj6Tf9lyUR9EDAIeiVLv56jsMcoXEwjW8Kv5yPY52lw==
