# THIS IS AN AUTOGENERATED FILE. DO NOT EDIT THIS FILE DIRECTLY.
# yarn lockfile v1


"@aws-crypto/crc32@5.2.0":
  version "5.2.0"
  resolved "https://registry.yarnpkg.com/@aws-crypto/crc32/-/crc32-5.2.0.tgz#cfcc22570949c98c6689cfcbd2d693d36cdae2e1"
  integrity sha512-nLbCWqQNgUiwwtFsen1AdzAtvuLRsQS8rYgMuxCrdKf9kOssamGLuPwyTY9wyYblNr9+1XM8v6zoDTPPSIeANg==
  dependencies:
    "@aws-crypto/util" "^5.2.0"
    "@aws-sdk/types" "^3.222.0"
    tslib "^2.6.2"

"@aws-crypto/crc32c@5.2.0":
  version "5.2.0"
  resolved "https://registry.yarnpkg.com/@aws-crypto/crc32c/-/crc32c-5.2.0.tgz#4e34aab7f419307821509a98b9b08e84e0c1917e"
  integrity sha512-+iWb8qaHLYKrNvGRbiYRHSdKRWhto5XlZUEBwDjYNf+ly5SVYG6zEoYIdxvf5R3zyeP16w4PLBn3rH1xc74Rag==
  dependencies:
    "@aws-crypto/util" "^5.2.0"
    "@aws-sdk/types" "^3.222.0"
    tslib "^2.6.2"

"@aws-crypto/sha1-browser@5.2.0":
  version "5.2.0"
  resolved "https://registry.yarnpkg.com/@aws-crypto/sha1-browser/-/sha1-browser-5.2.0.tgz#b0ee2d2821d3861f017e965ef3b4cb38e3b6a0f4"
  integrity sha512-OH6lveCFfcDjX4dbAvCFSYUjJZjDr/3XJ3xHtjn3Oj5b9RjojQo8npoLeA/bNwkOkrSQ0wgrHzXk4tDRxGKJeg==
  dependencies:
    "@aws-crypto/supports-web-crypto" "^5.2.0"
    "@aws-crypto/util" "^5.2.0"
    "@aws-sdk/types" "^3.222.0"
    "@aws-sdk/util-locate-window" "^3.0.0"
    "@smithy/util-utf8" "^2.0.0"
    tslib "^2.6.2"

"@aws-crypto/sha256-browser@5.2.0":
  version "5.2.0"
  resolved "https://registry.yarnpkg.com/@aws-crypto/sha256-browser/-/sha256-browser-5.2.0.tgz#153895ef1dba6f9fce38af550e0ef58988eb649e"
  integrity sha512-AXfN/lGotSQwu6HNcEsIASo7kWXZ5HYWvfOmSNKDsEqC4OashTp8alTmaz+F7TC2L083SFv5RdB+qU3Vs1kZqw==
  dependencies:
    "@aws-crypto/sha256-js" "^5.2.0"
    "@aws-crypto/supports-web-crypto" "^5.2.0"
    "@aws-crypto/util" "^5.2.0"
    "@aws-sdk/types" "^3.222.0"
    "@aws-sdk/util-locate-window" "^3.0.0"
    "@smithy/util-utf8" "^2.0.0"
    tslib "^2.6.2"

"@aws-crypto/sha256-js@5.2.0", "@aws-crypto/sha256-js@^5.2.0":
  version "5.2.0"
  resolved "https://registry.yarnpkg.com/@aws-crypto/sha256-js/-/sha256-js-5.2.0.tgz#c4fdb773fdbed9a664fc1a95724e206cf3860042"
  integrity sha512-FFQQyu7edu4ufvIZ+OadFpHHOt+eSTBaYaki44c+akjg7qZg9oOQeLlk77F6tSYqjDAFClrHJk9tMf0HdVyOvA==
  dependencies:
    "@aws-crypto/util" "^5.2.0"
    "@aws-sdk/types" "^3.222.0"
    tslib "^2.6.2"

"@aws-crypto/supports-web-crypto@^5.2.0":
  version "5.2.0"
  resolved "https://registry.yarnpkg.com/@aws-crypto/supports-web-crypto/-/supports-web-crypto-5.2.0.tgz#a1e399af29269be08e695109aa15da0a07b5b5fb"
  integrity sha512-iAvUotm021kM33eCdNfwIN//F77/IADDSs58i+MDaOqFrVjZo9bAal0NK7HurRuWLLpF1iLX7gbWrjHjeo+YFg==
  dependencies:
    tslib "^2.6.2"

"@aws-crypto/util@5.2.0", "@aws-crypto/util@^5.2.0":
  version "5.2.0"
  resolved "https://registry.yarnpkg.com/@aws-crypto/util/-/util-5.2.0.tgz#71284c9cffe7927ddadac793c14f14886d3876da"
  integrity sha512-4RkU9EsI6ZpBve5fseQlGNUWKMa1RLPQ1dnjnQoe07ldfIzcsGb5hC5W0Dm7u423KWzawlrpbjXBrXCEv9zazQ==
  dependencies:
    "@aws-sdk/types" "^3.222.0"
    "@smithy/util-utf8" "^2.0.0"
    tslib "^2.6.2"

"@aws-sdk/client-s3@^3.162.0":
  version "3.1052.0"
  resolved "https://registry.yarnpkg.com/@aws-sdk/client-s3/-/client-s3-3.1052.0.tgz#e1f19442db791755cfffcc7142cae45b351758d9"
  integrity sha512-8fgQHfk1WjGUyowyqtMwq9HzZvIQQ86cqn9IZW5Qkq8kaolVjMmZez60qVYxKYvKhVRYUP5hWYPVCyraoud0AA==
  dependencies:
    "@aws-crypto/sha1-browser" "5.2.0"
    "@aws-crypto/sha256-browser" "5.2.0"
    "@aws-crypto/sha256-js" "5.2.0"
    "@aws-sdk/core" "^3.974.13"
    "@aws-sdk/credential-provider-node" "^3.972.44"
    "@aws-sdk/middleware-bucket-endpoint" "^3.972.15"
    "@aws-sdk/middleware-expect-continue" "^3.972.13"
    "@aws-sdk/middleware-flexible-checksums" "^3.974.21"
    "@aws-sdk/middleware-location-constraint" "^3.972.11"
    "@aws-sdk/middleware-sdk-s3" "^3.972.42"
    "@aws-sdk/middleware-ssec" "^3.972.11"
    "@aws-sdk/signature-v4-multi-region" "^3.996.28"
    "@aws-sdk/types" "^3.973.9"
    "@smithy/core" "^3.24.3"
    "@smithy/fetch-http-handler" "^5.4.3"
    "@smithy/node-http-handler" "^4.7.3"
    "@smithy/types" "^4.14.2"
    tslib "^2.6.2"

"@aws-sdk/core@^3.974.13":
  version "3.974.13"
  resolved "https://registry.yarnpkg.com/@aws-sdk/core/-/core-3.974.13.tgz#a785d4a726590f679671d18b36c69e3fc9b6cab5"
  integrity sha512-+Y5/4tHki0uYgyx8eun146DegRVQBpdKGK5RbV0FTKJPpaKTchvqVxrrRFK6Wk0JksO4iAZKw3eqxGEIwtO98w==
  dependencies:
    "@aws-sdk/types" "^3.973.9"
    "@aws-sdk/xml-builder" "^3.972.25"
    "@aws/lambda-invoke-store" "^0.2.2"
    "@smithy/core" "^3.24.3"
    "@smithy/signature-v4" "^5.4.2"
    "@smithy/types" "^4.14.2"
    bowser "^2.11.0"
    tslib "^2.6.2"

"@aws-sdk/crc64-nvme@^3.972.9":
  version "3.972.9"
  resolved "https://registry.yarnpkg.com/@aws-sdk/crc64-nvme/-/crc64-nvme-3.972.9.tgz#4ea4d574d473e25e59973fcbab101ca1b64fab91"
  integrity sha512-P+QGozmXn2mZZI7sDgk+aUm+RTI61MPSFB+Ir2vjEjEbEsE4e7hYtzrDvAUxZy9ko81h53e11+F/GYlvwDkaOQ==
  dependencies:
    "@smithy/types" "^4.14.2"
    tslib "^2.6.2"

"@aws-sdk/credential-provider-env@^3.972.39":
  version "3.972.39"
  resolved "https://registry.yarnpkg.com/@aws-sdk/credential-provider-env/-/credential-provider-env-3.972.39.tgz#538cc859f2ac0e15b141b9e246613a752849ae8c"
  integrity sha512-29wX9zpAvEt1vcj0psha+y6ygBHy2V/S72mp6e7q0KARLWXq+pwE/lR6qGkwknQvruh52lXvlqZIga8Hdxkucw==
  dependencies:
    "@aws-sdk/core" "^3.974.13"
    "@aws-sdk/types" "^3.973.9"
    "@smithy/core" "^3.24.3"
    "@smithy/types" "^4.14.2"
    tslib "^2.6.2"

"@aws-sdk/credential-provider-http@^3.972.41":
  version "3.972.41"
  resolved "https://registry.yarnpkg.com/@aws-sdk/credential-provider-http/-/credential-provider-http-3.972.41.tgz#07037e7346881cb8bb8ec1fe9f8ed0104072b63a"
  integrity sha512-IA3CQTjtJkb6u1H4mE4936c8OPBMa9Jggtwe8U2Mqw/vvb/tZ5Ebd0mcZcX0uKWQhOyYo/+qNIwkV5Xh+FeJJA==
  dependencies:
    "@aws-sdk/core" "^3.974.13"
    "@aws-sdk/types" "^3.973.9"
    "@smithy/core" "^3.24.3"
    "@smithy/fetch-http-handler" "^5.4.3"
    "@smithy/node-http-handler" "^4.7.3"
    "@smithy/types" "^4.14.2"
    tslib "^2.6.2"

"@aws-sdk/credential-provider-ini@^3.972.43":
  version "3.972.43"
  resolved "https://registry.yarnpkg.com/@aws-sdk/credential-provider-ini/-/credential-provider-ini-3.972.43.tgz#cb9779beebd45bd242c12ea48a820047c77e1b05"
  integrity sha512-4mzII+3mZEVXXE1xzrLQrCJL7/r62A63bA6SVzZoNL5rqCJghpf+xgGltVrIBBs0n+mOZBKrQl2tRREtvZ5l6A==
  dependencies:
    "@aws-sdk/core" "^3.974.13"
    "@aws-sdk/credential-provider-env" "^3.972.39"
    "@aws-sdk/credential-provider-http" "^3.972.41"
    "@aws-sdk/credential-provider-login" "^3.972.43"
    "@aws-sdk/credential-provider-process" "^3.972.39"
    "@aws-sdk/credential-provider-sso" "^3.972.43"
    "@aws-sdk/credential-provider-web-identity" "^3.972.43"
    "@aws-sdk/nested-clients" "^3.997.11"
    "@aws-sdk/types" "^3.973.9"
    "@smithy/core" "^3.24.3"
    "@smithy/credential-provider-imds" "^4.3.2"
    "@smithy/types" "^4.14.2"
    tslib "^2.6.2"

"@aws-sdk/credential-provider-login@^3.972.43":
  version "3.972.43"
  resolved "https://registry.yarnpkg.com/@aws-sdk/credential-provider-login/-/credential-provider-login-3.972.43.tgz#2d6dd4a7d082b0c54be9c5c5269161c14f7ae717"
  integrity sha512-HG7kQCwXtbv3oBV61Ins0oNX8KKyvrMqqRkb6ZiAfQHbMuHaiNaEb2KnpKLPkNpqImSBK82UkVE/kaY6IfWikA==
  dependencies:
    "@aws-sdk/core" "^3.974.13"
    "@aws-sdk/nested-clients" "^3.997.11"
    "@aws-sdk/types" "^3.973.9"
    "@smithy/core" "^3.24.3"
    "@smithy/types" "^4.14.2"
    tslib "^2.6.2"

"@aws-sdk/credential-provider-node@^3.972.44":
  version "3.972.44"
  resolved "https://registry.yarnpkg.com/@aws-sdk/credential-provider-node/-/credential-provider-node-3.972.44.tgz#af009a773d2e20214edfcc98894d3d0779fbc1c3"
  integrity sha512-sDaBIT0yrNNIPfvlsiTCmANm07zKju+ipWODjEXgZlsjMeIJR3LVp7RDyAOzUoAsTbDfYKDWp+i5WrFiQP6rmQ==
  dependencies:
    "@aws-sdk/credential-provider-env" "^3.972.39"
    "@aws-sdk/credential-provider-http" "^3.972.41"
    "@aws-sdk/credential-provider-ini" "^3.972.43"
    "@aws-sdk/credential-provider-process" "^3.972.39"
    "@aws-sdk/credential-provider-sso" "^3.972.43"
    "@aws-sdk/credential-provider-web-identity" "^3.972.43"
    "@aws-sdk/types" "^3.973.9"
    "@smithy/core" "^3.24.3"
    "@smithy/credential-provider-imds" "^4.3.2"
    "@smithy/types" "^4.14.2"
    tslib "^2.6.2"

"@aws-sdk/credential-provider-process@^3.972.39":
  version "3.972.39"
  resolved "https://registry.yarnpkg.com/@aws-sdk/credential-provider-process/-/credential-provider-process-3.972.39.tgz#236f8822180b297e0e98771ee69aea428280a4a7"
  integrity sha512-2k/amBifLd75eXNwgvPw/2lKYSQ3NhvHQgkVKVjfUq13/eJ3JRtHmznuFenn74OK3sSfp4SMy1YB2w+UVXoKqA==
  dependencies:
    "@aws-sdk/core" "^3.974.13"
    "@aws-sdk/types" "^3.973.9"
    "@smithy/core" "^3.24.3"
    "@smithy/types" "^4.14.2"
    tslib "^2.6.2"

"@aws-sdk/credential-provider-sso@^3.972.43":
  version "3.972.43"
  resolved "https://registry.yarnpkg.com/@aws-sdk/credential-provider-sso/-/credential-provider-sso-3.972.43.tgz#24546d197ce74a29c89c37b3860952ee28f90c9b"
  integrity sha512-LPc3+Y4vhH1T4x6CMqwCM6hk5+SRf/Lwmgm8INm95wxTtIRHcMwQUVkDzWu4Iw/RSncxYM2BC01OrYbxOPZvyg==
  dependencies:
    "@aws-sdk/core" "^3.974.13"
    "@aws-sdk/nested-clients" "^3.997.11"
    "@aws-sdk/token-providers" "3.1052.0"
    "@aws-sdk/types" "^3.973.9"
    "@smithy/core" "^3.24.3"
    "@smithy/types" "^4.14.2"
    tslib "^2.6.2"

"@aws-sdk/credential-provider-web-identity@^3.972.43":
  version "3.972.43"
  resolved "https://registry.yarnpkg.com/@aws-sdk/credential-provider-web-identity/-/credential-provider-web-identity-3.972.43.tgz#1d4e99a4cba32c63bab21184f8d5d418c0744224"
  integrity sha512-wQtL34lUD/09VXjwAUo2T+I3aEXRDxMB3DKmTJL/Zj0Gi6sLDTrVhae1XVt01yzkquOWajI/sZW72JGDZ1ciTw==
  dependencies:
    "@aws-sdk/core" "^3.974.13"
    "@aws-sdk/nested-clients" "^3.997.11"
    "@aws-sdk/types" "^3.973.9"
    "@smithy/core" "^3.24.3"
    "@smithy/types" "^4.14.2"
    tslib "^2.6.2"

"@aws-sdk/middleware-bucket-endpoint@^3.972.15":
  version "3.972.15"
  resolved "https://registry.yarnpkg.com/@aws-sdk/middleware-bucket-endpoint/-/middleware-bucket-endpoint-3.972.15.tgz#f1752b8107289df1313b647bf42e8e5f78f44192"
  integrity sha512-O2HDANa+MrvbxpaRVQDiH3T13uAa9AkMjKyZmDygwauAmmvqZ5B0iRmKW+fuVGW6NPXuyXurFgIx69lSvmAWGA==
  dependencies:
    "@aws-sdk/core" "^3.974.13"
    "@aws-sdk/types" "^3.973.9"
    "@smithy/core" "^3.24.3"
    "@smithy/types" "^4.14.2"
    tslib "^2.6.2"

"@aws-sdk/middleware-expect-continue@^3.972.13":
  version "3.972.13"
  resolved "https://registry.yarnpkg.com/@aws-sdk/middleware-expect-continue/-/middleware-expect-continue-3.972.13.tgz#d6eac0372151e7aa978985ceb67311ab77b03939"
  integrity sha512-sHiqIFg8o2ipT7t40B89Vj0ubSUtY6OSt/+Ee/OXhHch5K4+81zP2+QX8Lkc/nJ2QSmCySxOke7TEbmX69fe2g==
  dependencies:
    "@aws-sdk/types" "^3.973.9"
    "@smithy/core" "^3.24.3"
    "@smithy/types" "^4.14.2"
    tslib "^2.6.2"

"@aws-sdk/middleware-flexible-checksums@^3.974.21":
  version "3.974.21"
  resolved "https://registry.yarnpkg.com/@aws-sdk/middleware-flexible-checksums/-/middleware-flexible-checksums-3.974.21.tgz#efa1acea9921691f8fe80160ebaa6514b2e0839c"
  integrity sha512-alAu9heyiBK/OmRNXVxq8mmPTgeW2AQ6EYjRsI38kPZa1MZvt2Jh+BlGq7/GG9OVXOaEgD7DlGj/Lzfy5OmuEg==
  dependencies:
    "@aws-crypto/crc32" "5.2.0"
    "@aws-crypto/crc32c" "5.2.0"
    "@aws-crypto/util" "5.2.0"
    "@aws-sdk/core" "^3.974.13"
    "@aws-sdk/crc64-nvme" "^3.972.9"
    "@aws-sdk/types" "^3.973.9"
    "@smithy/core" "^3.24.3"
    "@smithy/types" "^4.14.2"
    tslib "^2.6.2"

"@aws-sdk/middleware-location-constraint@^3.972.11":
  version "3.972.11"
  resolved "https://registry.yarnpkg.com/@aws-sdk/middleware-location-constraint/-/middleware-location-constraint-3.972.11.tgz#272507843738acd4a5644842911a2016f7dfb0e1"
  integrity sha512-hkfspNUP4criAH6ton6BGKgnm5dZx+7bUOy1YqlTfejDeUPAM23D81q/IX+hdlS3KUsfwGz5ADTqZWKBEUpf4A==
  dependencies:
    "@aws-sdk/types" "^3.973.9"
    "@smithy/types" "^4.14.2"
    tslib "^2.6.2"

"@aws-sdk/middleware-sdk-s3@^3.972.42":
  version "3.972.42"
  resolved "https://registry.yarnpkg.com/@aws-sdk/middleware-sdk-s3/-/middleware-sdk-s3-3.972.42.tgz#f4217eea10d2de43b482f6f2d0d9895be061e571"
  integrity sha512-/xNqNGXv9LaxZd25L9VV4pnSOw9OdDNO4rAHamM+h3KQBSITljIH9vk3dveGga1I2j36lQd0rdG3gjNEXvtNew==
  dependencies:
    "@aws-sdk/core" "^3.974.13"
    "@aws-sdk/signature-v4-multi-region" "^3.996.28"
    "@aws-sdk/types" "^3.973.9"
    "@smithy/core" "^3.24.3"
    "@smithy/signature-v4" "^5.4.2"
    "@smithy/types" "^4.14.2"
    tslib "^2.6.2"

"@aws-sdk/middleware-ssec@^3.972.11":
  version "3.972.11"
  resolved "https://registry.yarnpkg.com/@aws-sdk/middleware-ssec/-/middleware-ssec-3.972.11.tgz#b5d5ddde7d54239137949f63b3d5dee6331628ea"
  integrity sha512-7PQvGNhtveKlvVqNahqWx5yrwxP7ecwAoB1dYBf8eKwfo2tzzCbNnW+q2nO3N066ktQaB4iBQbDRWtizm+amoQ==
  dependencies:
    "@aws-sdk/types" "^3.973.9"
    "@smithy/types" "^4.14.2"
    tslib "^2.6.2"

"@aws-sdk/nested-clients@^3.997.11":
  version "3.997.11"
  resolved "https://registry.yarnpkg.com/@aws-sdk/nested-clients/-/nested-clients-3.997.11.tgz#ed97d5dadc5ee15a31834e8af218e502d986d632"
  integrity sha512-nWXXJ1r/r8N2Gw1pWolRgED38/A9A8DHR2ETWIv220zh4PZHcybbR4hUVWWktmNXTRHzDJwRluapHn0rZxuoqA==
  dependencies:
    "@aws-crypto/sha256-browser" "5.2.0"
    "@aws-crypto/sha256-js" "5.2.0"
    "@aws-sdk/core" "^3.974.13"
    "@aws-sdk/signature-v4-multi-region" "^3.996.28"
    "@aws-sdk/types" "^3.973.9"
    "@smithy/core" "^3.24.3"
    "@smithy/fetch-http-handler" "^5.4.3"
    "@smithy/node-http-handler" "^4.7.3"
    "@smithy/types" "^4.14.2"
    tslib "^2.6.2"

"@aws-sdk/signature-v4-multi-region@^3.996.28":
  version "3.996.28"
  resolved "https://registry.yarnpkg.com/@aws-sdk/signature-v4-multi-region/-/signature-v4-multi-region-3.996.28.tgz#79c12506d5545953c06fe75956b38050d57902f2"
  integrity sha512-qs9z5LqXO/CZC2Lg9SGKpoLU8Rhi+m2pFKZqfO9pytX1clc0katqtsDNupJxFy0xT9wsZSPzM2v1y+/H/zfp5Q==
  dependencies:
    "@aws-sdk/types" "^3.973.9"
    "@smithy/core" "^3.24.3"
    "@smithy/signature-v4" "^5.4.2"
    "@smithy/types" "^4.14.2"
    tslib "^2.6.2"

"@aws-sdk/token-providers@3.1052.0":
  version "3.1052.0"
  resolved "https://registry.yarnpkg.com/@aws-sdk/token-providers/-/token-providers-3.1052.0.tgz#0793c2f58351bf91937e8f83abf39d11937ec8f2"
  integrity sha512-QqZNB3so7UIDxZtroc85TQaLVxdZRFm0eWM1CSR2N+b06as9TOrilvrlTZuj3guYlxMs6yLOgGxnklJ5qMYtTw==
  dependencies:
    "@aws-sdk/core" "^3.974.13"
    "@aws-sdk/nested-clients" "^3.997.11"
    "@aws-sdk/types" "^3.973.9"
    "@smithy/core" "^3.24.3"
    "@smithy/types" "^4.14.2"
    tslib "^2.6.2"

"@aws-sdk/types@^3.222.0", "@aws-sdk/types@^3.973.9":
  version "3.973.9"
  resolved "https://registry.yarnpkg.com/@aws-sdk/types/-/types-3.973.9.tgz#7d1c08cc6e82ec2ac2f2da102a7dd55806592f7f"
  integrity sha512-kuBfgQVdcz5Bmapc4A13YbpVw/pXkesfhetcFYwbntqas8sF41OHyd4o28+/TG2ZQdHBsv90Lsu5y6oitvYCdg==
  dependencies:
    "@smithy/types" "^4.14.2"
    tslib "^2.6.2"

"@aws-sdk/util-locate-window@^3.0.0":
  version "3.965.5"
  resolved "https://registry.yarnpkg.com/@aws-sdk/util-locate-window/-/util-locate-window-3.965.5.tgz#e30e6ff2aff6436209ed42c765dec2d2a48df7c0"
  integrity sha512-WhlJNNINQB+9qtLtZJcpQdgZw3SCDCpXdUJP7cToGwHbCWCnRckGlc6Bx/OhWwIYFNAn+FIydY8SZ0QmVu3xTQ==
  dependencies:
    tslib "^2.6.2"

"@aws-sdk/xml-builder@^3.972.25":
  version "3.972.25"
  resolved "https://registry.yarnpkg.com/@aws-sdk/xml-builder/-/xml-builder-3.972.25.tgz#252ed0afef165a247c2dcc5d72e54b8f9e45f2e2"
  integrity sha512-GH+Kjz4nPKWKHnsiQpnhP1MJdTGIcK4rAka6tzakgjjUkVgNsmPeEbbRAf09SzS1hjGu6duGHCBsxYke0BhHjQ==
  dependencies:
    "@nodable/entities" "2.1.0"
    "@smithy/types" "^4.14.2"
    fast-xml-parser "5.7.3"
    tslib "^2.6.2"

"@aws/lambda-invoke-store@^0.2.2":
  version "0.2.4"
  resolved "https://registry.yarnpkg.com/@aws/lambda-invoke-store/-/lambda-invoke-store-0.2.4.tgz#802f6a50f6b6589063ef63ba8acdee86fcb9f395"
  integrity sha512-iY8yvjE0y651BixKNPgmv1WrQc+GZ142sb0z4gYnChDDY2YqI4P/jsSopBWrKfAt7LOJAkOXt7rC/hms+WclQQ==

"@nodable/entities@2.1.0", "@nodable/entities@^2.1.0":
  version "2.1.0"
  resolved "https://registry.yarnpkg.com/@nodable/entities/-/entities-2.1.0.tgz#f543e5c6446720d4cf9e498a83019dd159973bc2"
  integrity sha512-nyT7T3nbMyBI/lvr6L5TyWbFJAI9FTgVRakNoBqCD+PmID8DzFrrNdLLtHMwMszOtqZa8PAOV24ZqDnQrhQINA==

"@smithy/core@^3.24.3", "@smithy/core@^3.24.4":
  version "3.24.4"
  resolved "https://registry.yarnpkg.com/@smithy/core/-/core-3.24.4.tgz#aded2ba46962b5cceaaa75f646433ac4813c2e17"
  integrity sha512-3UNRKEyQyAgVgM0LGlerCLm+ChZWZ1GPfde+jBEW6bm6bSBGU1p0EbblaUV3unbhwvidjLA5Zs3sOs7mnZwvAw==
  dependencies:
    "@aws-crypto/crc32" "5.2.0"
    "@smithy/types" "^4.14.2"
    tslib "^2.6.2"

"@smithy/credential-provider-imds@^4.3.2":
  version "4.3.4"
  resolved "https://registry.yarnpkg.com/@smithy/credential-provider-imds/-/credential-provider-imds-4.3.4.tgz#0ab80322b380902d404682ad8adbbcf021c657c3"
  integrity sha512-vKW0MEFRU4Y3MkVZUkpJm+g9qyPGLCXhc0YLggUdSdBB4g7IaSSsCE75P9rBXyWHrXY1UYSQUl8/DwsTR7QciA==
  dependencies:
    "@smithy/core" "^3.24.4"
    "@smithy/types" "^4.14.2"
    tslib "^2.6.2"

"@smithy/fetch-http-handler@^5.4.3":
  version "5.4.4"
  resolved "https://registry.yarnpkg.com/@smithy/fetch-http-handler/-/fetch-http-handler-5.4.4.tgz#df28cfdbdbd192cef9508347b488d8874d0166dd"
  integrity sha512-qM7AUKI4G6d7lNgaZD3lA1tWSolh5r6gcixfTZAPstVURfjIbvreVTPz+994M0yC3HbX4YYhDRgr31Xy3XwWOQ==
  dependencies:
    "@smithy/core" "^3.24.4"
    "@smithy/types" "^4.14.2"
    tslib "^2.6.2"

"@smithy/is-array-buffer@^2.2.0":
  version "2.2.0"
  resolved "https://registry.yarnpkg.com/@smithy/is-array-buffer/-/is-array-buffer-2.2.0.tgz#f84f0d9f9a36601a9ca9381688bd1b726fd39111"
  integrity sha512-GGP3O9QFD24uGeAXYUjwSTXARoqpZykHadOmA8G5vfJPK0/DC67qa//0qvqrJzL1xc8WQWX7/yc7fwudjPHPhA==
  dependencies:
    tslib "^2.6.2"

"@smithy/node-http-handler@^4.7.3":
  version "4.7.4"
  resolved "https://registry.yarnpkg.com/@smithy/node-http-handler/-/node-http-handler-4.7.4.tgz#dfa9634130841cbb0a780c8b4a3ea7ec1c904f0c"
  integrity sha512-HIeF+1vrDGzPkkv39Hj2vlHSXHY3p958jd/8ZnePIY6+ZOsQX8coyEUKO5yQu4r0bQIVsbpotVIrXXwyycMStQ==
  dependencies:
    "@smithy/core" "^3.24.4"
    "@smithy/types" "^4.14.2"
    tslib "^2.6.2"

"@smithy/signature-v4@^5.4.2":
  version "5.4.4"
  resolved "https://registry.yarnpkg.com/@smithy/signature-v4/-/signature-v4-5.4.4.tgz#8302828623453d84e41210dda99f18753bb3da7e"
  integrity sha512-e5UtkMvsatzBfbeBZjEOt0k0Z3BEsjTFL/n6fdO5vtBLe67tdy0dX7xw2DU7uZ3acwoHyeCqpU2Fzb7pxwHb6Q==
  dependencies:
    "@smithy/core" "^3.24.4"
    "@smithy/types" "^4.14.2"
    tslib "^2.6.2"

"@smithy/types@^4.14.2":
  version "4.14.2"
  resolved "https://registry.yarnpkg.com/@smithy/types/-/types-4.14.2.tgz#6034ff1e0e52bfb7d744ac371b651a8bf21f30f1"
  integrity sha512-P+otAxbV4CqBybp7EkcJCrig63yE2E7PuNVOmilVMRcx/O+QDzGULTrKsq4DV13gSfak9ObPrWaHl/9bL5YcWw==
  dependencies:
    tslib "^2.6.2"

"@smithy/util-buffer-from@^2.2.0":
  version "2.2.0"
  resolved "https://registry.yarnpkg.com/@smithy/util-buffer-from/-/util-buffer-from-2.2.0.tgz#6fc88585165ec73f8681d426d96de5d402021e4b"
  integrity sha512-IJdWBbTcMQ6DA0gdNhh/BwrLkDR+ADW5Kr1aZmd4k3DIF6ezMV4R2NIAmT08wQJ3yUK82thHWmC/TnK/wpMMIA==
  dependencies:
    "@smithy/is-array-buffer" "^2.2.0"
    tslib "^2.6.2"

"@smithy/util-utf8@^2.0.0":
  version "2.3.0"
  resolved "https://registry.yarnpkg.com/@smithy/util-utf8/-/util-utf8-2.3.0.tgz#dd96d7640363259924a214313c3cf16e7dd329c5"
  integrity sha512-R8Rdn8Hy72KKcebgLiv8jQcQkXoLMOGGv5uI1/k0l+snqkOzQ1R0ChUBCxWMlBsFMekWjq0wRudIweFs7sKT5A==
  dependencies:
    "@smithy/util-buffer-from" "^2.2.0"
    tslib "^2.6.2"

"@types/cron@^2.0.0":
  version "2.4.3"
  resolved "https://registry.yarnpkg.com/@types/cron/-/cron-2.4.3.tgz#c4073ffb46778f1d4a7130e66243cfa99f07fdec"
  integrity sha512-ViRBkoZD9Rk0hGeMdd2GHGaOaZuH9mDmwsE5/Zo53Ftwcvh7h9VJc8lIt2wdgEwS4EW5lbtTX6vlE0idCLPOyA==
  dependencies:
    cron "*"

"@types/luxon@~3.7.0":
  version "3.7.1"
  resolved "https://registry.yarnpkg.com/@types/luxon/-/luxon-3.7.1.tgz#ef51b960ff86801e4e2de80c68813a96e529d531"
  integrity sha512-H3iskjFIAn5SlJU7OuxUmTEpebK6TKB8rxZShDslBMZJ5u9S//KM1sbdAisiSrqwLQncVjnpi2OK2J51h+4lsg==

"@types/node@^24.0.0":
  version "24.12.4"
  resolved "https://registry.yarnpkg.com/@types/node/-/node-24.12.4.tgz#2709745569811dcbdc57c097fafdd387c6330382"
  integrity sha512-GUUEShf+PBCGW2KaXwcIt3Yk+e3pkKwWKb9GSyM9WQVE+ep2jzmHdGsHzu4wgcZy5fN9FBdVzjpBQsYlpfpgLA==
  dependencies:
    undici-types "~7.16.0"

bowser@^2.11.0:
  version "2.14.1"
  resolved "https://registry.yarnpkg.com/bowser/-/bowser-2.14.1.tgz#4ea39bf31e305184522d7ad7bfd91389e4f0cb79"
  integrity sha512-tzPjzCxygAKWFOJP011oxFHs57HzIhOEracIgAePE4pqB3LikALKnSzUyU4MGs9/iCEUuHlAJTjTc5M+u7YEGg==

cron@*, cron@^4.0.0:
  version "4.4.0"
  resolved "https://registry.yarnpkg.com/cron/-/cron-4.4.0.tgz#1488444a23ea7134e2b7686c17711abdffcebba8"
  integrity sha512-fkdfq+b+AHI4cKdhZlppHveI/mgz2qpiYxcm+t5E5TsxX7QrLS1VE0+7GENEk9z0EeGPcpSciGv6ez24duWhwQ==
  dependencies:
    "@types/luxon" "~3.7.0"
    luxon "~3.7.0"

envsafe@^2.0.3:
  version "2.0.3"
  resolved "https://registry.yarnpkg.com/envsafe/-/envsafe-2.0.3.tgz#cb88a9f750a67455638ebfc16f4cd5296bb5e1a0"
  integrity sha512-51lek8h5btjXhXUDW//Pno7HPydM1WQzltOb1/ONRKdwB2QkfAURnN4Qn0cJ5LzGvX2Km1ReR2O3K3Bqq9sBMg==

fast-xml-builder@^1.1.7:
  version "1.2.0"
  resolved "https://registry.yarnpkg.com/fast-xml-builder/-/fast-xml-builder-1.2.0.tgz#abd2363145a7625d9789ad96da375fabe3cff28c"
  integrity sha512-00aAWieqff+ZJhsXA4g1g7M8k+7AYoMUUHF+/zFb5U6Uv/P0Vl4QZo84/IcufzYalLuEj9928bXN9PbbFzMF0Q==
  dependencies:
    path-expression-matcher "^1.5.0"
    xml-naming "^0.1.0"

fast-xml-parser@5.7.3:
  version "5.7.3"
  resolved "https://registry.yarnpkg.com/fast-xml-parser/-/fast-xml-parser-5.7.3.tgz#309b04b08d835defc62ab657a0bb340c0e0fbe6a"
  integrity sha512-C0AaNuC+mscy6vrAQKAc/rMq+zAPHodfHGZu4sGVehvAQt/JLG1O5zEcYcXSY5zSqr4YVgxsB+pHXTq0i7eDlg==
  dependencies:
    "@nodable/entities" "^2.1.0"
    fast-xml-builder "^1.1.7"
    path-expression-matcher "^1.5.0"
    strnum "^2.2.3"

luxon@~3.7.0:
  version "3.7.2"
  resolved "https://registry.yarnpkg.com/luxon/-/luxon-3.7.2.tgz#d697e48f478553cca187a0f8436aff468e3ba0ba"
  integrity sha512-vtEhXh/gNjI9Yg1u4jX/0YVPMvxzHuGgCm6tC5kZyb08yjGWGnqAjGJvcXbqQR2P3MyMEFnRbpcdFS6PBcLqew==

path-expression-matcher@^1.5.0:
  version "1.5.0"
  resolved "https://registry.yarnpkg.com/path-expression-matcher/-/path-expression-matcher-1.5.0.tgz#3b98545dc88ffebb593e2d8458d0929da9275f4a"
  integrity sha512-cbrerZV+6rvdQrrD+iGMcZFEiiSrbv9Tfdkvnusy6y0x0GKBXREFg/Y65GhIfm0tnLntThhzCnfKwp1WRjeCyQ==

strnum@^2.2.3:
  version "2.3.0"
  resolved "https://registry.yarnpkg.com/strnum/-/strnum-2.3.0.tgz#81bfbfef53db8c3217ea62a98c026886ec4a2761"
  integrity sha512-ums3KNd42PGyx5xaoVTO1mjU1bH3NpY4vsrVlnv9PNGqQj8wd7rJ6nEypLrJ7z5vxK5RP0yMLo6J/Gsm62DI5Q==

tslib@^2.6.2:
  version "2.8.1"
  resolved "https://registry.yarnpkg.com/tslib/-/tslib-2.8.1.tgz#612efe4ed235d567e8aba5f2a5fab70280ade83f"
  integrity sha512-oJFu94HQb+KVduSUQL7wnpmqnfmLsOA/nAh6b6EH0wCEoK0/mPeXU6c3wKDV83MkOuHPRHtSXKKU99IBazS/2w==

typescript@^6.0.0:
  version "6.0.3"
  resolved "https://registry.yarnpkg.com/typescript/-/typescript-6.0.3.tgz#90251dc007916e972786cb94d74d15b185577d21"
  integrity sha512-y2TvuxSZPDyQakkFRPZHKFm+KKVqIisdg9/CZwm9ftvKXLP8NRWj38/ODjNbr43SsoXqNuAisEf1GdCxqWcdBw==

undici-types@~7.16.0:
  version "7.16.0"
  resolved "https://registry.yarnpkg.com/undici-types/-/undici-types-7.16.0.tgz#ffccdff36aea4884cbfce9a750a0580224f58a46"
  integrity sha512-Zz+aZWSj8LE6zoxD+xrjh4VfkIG8Ya6LvYkZqtUQGJPZjYl53ypCaUwWqo7eI0x66KBGeRo+mlBEkMSeSZ38Nw==

xml-naming@^0.1.0:
  version "0.1.0"
  resolved "https://registry.yarnpkg.com/xml-naming/-/xml-naming-0.1.0.tgz#8ab7106c5b8d23caa2fabac1cadf17136379fbd8"
  integrity sha512-k8KO9hrMyNk6tUWqUfkTEZbezRRpONVOzUTnc97VnCvyj6Tf9lyUR9EDAIeiVLv56jsMcoXEwjW8Kv5yPY52lw==
