# THIS IS AN AUTOGENERATED FILE. DO NOT EDIT THIS FILE DIRECTLY.
# yarn lockfile v1


"@aws-crypto/crc32@5.2.0":
  version "5.2.0"
  resolved "https://registry.yarnpkg.com/@aws-crypto/crc32/-/crc32-5.2.0.tgz#cfcc22570949c98c6689cfcbd2d693d36cdae2e1"
  integrity sha512-nLbCWqQNgUiwwtFsen1AdzAtvuLRsQS8rYgMuxCrdKf9kOssamGLuPwyTY9wyYblNr9+1XM8v6zoDTPPSIeANg==
  dependencies:
    "@aws-crypto/util" "^5.2.0"
    "@aws-sdk/types" "^3.222.0"
    tslib "^2.6.2"

"@aws-crypto/crc32c@5.2.0":
  version "5.2.0"
  resolved "https://registry.yarnpkg.com/@aws-crypto/crc32c/-/crc32c-5.2.0.tgz#4e34aab7f419307821509a98b9b08e84e0c1917e"
  integrity sha512-+iWb8qaHLYKrNvGRbiYRHSdKRWhto5XlZUEBwDjYNf+ly5SVYG6zEoYIdxvf5R3zyeP16w4PLBn3rH1xc74Rag==
  dependencies:
    "@aws-crypto/util" "^5.2.0"
    "@aws-sdk/types" "^3.222.0"
    tslib "^2.6.2"

"@aws-crypto/sha1-browser@5.2.0":
  version "5.2.0"
  resolved "https://registry.yarnpkg.com/@aws-crypto/sha1-browser/-/sha1-browser-5.2.0.tgz#b0ee2d2821d3861f017e965ef3b4cb38e3b6a0f4"
  integrity sha512-OH6lveCFfcDjX4dbAvCFSYUjJZjDr/3XJ3xHtjn3Oj5b9RjojQo8npoLeA/bNwkOkrSQ0wgrHzXk4tDRxGKJeg==
  dependencies:
    "@aws-crypto/supports-web-crypto" "^5.2.0"
    "@aws-crypto/util" "^5.2.0"
    "@aws-sdk/types" "^3.222.0"
    "@aws-sdk/util-locate-window" "^3.0.0"
    "@smithy/util-utf8" "^2.0.0"
    tslib "^2.6.2"

"@aws-crypto/sha256-browser@5.2.0":
  version "5.2.0"
  resolved "https://registry.yarnpkg.com/@aws-crypto/sha256-browser/-/sha256-browser-5.2.0.tgz#153895ef1dba6f9fce38af550e0ef58988eb649e"
  integrity sha512-AXfN/lGotSQwu6HNcEsIASo7kWXZ5HYWvfOmSNKDsEqC4OashTp8alTmaz+F7TC2L083SFv5RdB+qU3Vs1kZqw==
  dependencies:
    "@aws-crypto/sha256-js" "^5.2.0"
    "@aws-crypto/supports-web-crypto" "^5.2.0"
    "@aws-crypto/util" "^5.2.0"
    "@aws-sdk/types" "^3.222.0"
    "@aws-sdk/util-locate-window" "^3.0.0"
    "@smithy/util-utf8" "^2.0.0"
    tslib "^2.6.2"

"@aws-crypto/sha256-js@5.2.0", "@aws-crypto/sha256-js@^5.2.0":
  version "5.2.0"
  resolved "https://registry.yarnpkg.com/@aws-crypto/sha256-js/-/sha256-js-5.2.0.tgz#c4fdb773fdbed9a664fc1a95724e206cf3860042"
  integrity sha512-FFQQyu7edu4ufvIZ+OadFpHHOt+eSTBaYaki44c+akjg7qZg9oOQeLlk77F6tSYqjDAFClrHJk9tMf0HdVyOvA==
  dependencies:
    "@aws-crypto/util" "^5.2.0"
    "@aws-sdk/types" "^3.222.0"
    tslib "^2.6.2"

"@aws-crypto/supports-web-crypto@^5.2.0":
  version "5.2.0"
  resolved "https://registry.yarnpkg.com/@aws-crypto/supports-web-crypto/-/supports-web-crypto-5.2.0.tgz#a1e399af29269be08e695109aa15da0a07b5b5fb"
  integrity sha512-iAvUotm021kM33eCdNfwIN//F77/IADDSs58i+MDaOqFrVjZo9bAal0NK7HurRuWLLpF1iLX7gbWrjHjeo+YFg==
  dependencies:
    tslib "^2.6.2"

"@aws-crypto/util@5.2.0", "@aws-crypto/util@^5.2.0":
  version "5.2.0"
  resolved "https://registry.yarnpkg.com/@aws-crypto/util/-/util-5.2.0.tgz#71284c9cffe7927ddadac793c14f14886d3876da"
  integrity sha512-4RkU9EsI6ZpBve5fseQlGNUWKMa1RLPQ1dnjnQoe07ldfIzcsGb5hC5W0Dm7u423KWzawlrpbjXBrXCEv9zazQ==
  dependencies:
    "@aws-sdk/types" "^3.222.0"
    "@smithy/util-utf8" "^2.0.0"
    tslib "^2.6.2"

"@aws-sdk/client-s3@^3.162.0":
  version "3.1048.0"
  resolved "https://registry.yarnpkg.com/@aws-sdk/client-s3/-/client-s3-3.1048.0.tgz#c353277839f54100390b9c7bdf041131a3c7530e"
  integrity sha512-SrJn5FteqqtcDBgQIvqLKk3Qn/2vSsi5XR03I53EDDR4CbCdLysVSNgUnjVncEECMua9Pz+nxO0/lEx3TP+6mA==
  dependencies:
    "@aws-crypto/sha1-browser" "5.2.0"
    "@aws-crypto/sha256-browser" "5.2.0"
    "@aws-crypto/sha256-js" "5.2.0"
    "@aws-sdk/core" "^3.974.11"
    "@aws-sdk/credential-provider-node" "^3.972.42"
    "@aws-sdk/middleware-bucket-endpoint" "^3.972.13"
    "@aws-sdk/middleware-expect-continue" "^3.972.12"
    "@aws-sdk/middleware-flexible-checksums" "^3.974.19"
    "@aws-sdk/middleware-location-constraint" "^3.972.10"
    "@aws-sdk/middleware-sdk-s3" "^3.972.40"
    "@aws-sdk/middleware-ssec" "^3.972.10"
    "@aws-sdk/signature-v4-multi-region" "^3.996.27"
    "@aws-sdk/types" "^3.973.8"
    "@smithy/core" "^3.24.2"
    "@smithy/fetch-http-handler" "^5.4.2"
    "@smithy/node-http-handler" "^4.7.2"
    "@smithy/types" "^4.14.1"
    tslib "^2.6.2"

"@aws-sdk/core@^3.974.11":
  version "3.974.11"
  resolved "https://registry.yarnpkg.com/@aws-sdk/core/-/core-3.974.11.tgz#7ff1a193d1e512a1e667734028a5d52cee019d25"
  integrity sha512-QpnINq5FZH6EOaDEkmHdT7eUunbvD27pDNQypaWjFyYz7Zl1q3UCMQErBZxpmfGfI7MvI2TlK8KTkgNpv8b1ug==
  dependencies:
    "@aws-sdk/types" "^3.973.8"
    "@aws-sdk/xml-builder" "^3.972.24"
    "@aws/lambda-invoke-store" "^0.2.2"
    "@smithy/core" "^3.24.2"
    "@smithy/signature-v4" "^5.4.2"
    "@smithy/types" "^4.14.1"
    bowser "^2.11.0"
    tslib "^2.6.2"

"@aws-sdk/crc64-nvme@^3.972.8":
  version "3.972.8"
  resolved "https://registry.yarnpkg.com/@aws-sdk/crc64-nvme/-/crc64-nvme-3.972.8.tgz#47e2ab559e881c0bdabff178a62ed4249f3fc1a8"
  integrity sha512-fVfUCL/Xh2zINYMPZvj+iBn6XWouQf0DAnjaWCI9MkmqXzL2Iy5FoQB8O7syFe6gN6AH1ecDDU58T51Ou0kFkA==
  dependencies:
    "@smithy/types" "^4.14.1"
    tslib "^2.6.2"

"@aws-sdk/credential-provider-env@^3.972.37":
  version "3.972.37"
  resolved "https://registry.yarnpkg.com/@aws-sdk/credential-provider-env/-/credential-provider-env-3.972.37.tgz#b79ce974dd0cfe291a549dc60a11b672b602090e"
  integrity sha512-/jpPvEh6f7ntmIzf7dNxoNX6Q8vt8UpesCjbW6mFfk4V1NW6bIy9qxcQ6WbA8As5yQhsZOe+xeNd4xHX8kdY2Q==
  dependencies:
    "@aws-sdk/core" "^3.974.11"
    "@aws-sdk/types" "^3.973.8"
    "@smithy/core" "^3.24.2"
    "@smithy/types" "^4.14.1"
    tslib "^2.6.2"

"@aws-sdk/credential-provider-http@^3.972.39":
  version "3.972.39"
  resolved "https://registry.yarnpkg.com/@aws-sdk/credential-provider-http/-/credential-provider-http-3.972.39.tgz#3145f9e82ad9d25289cb2ce74c5cd83a7d10610d"
  integrity sha512-pIgTpisWyWg7X1bUbzSjuUYosYTD0Ghz2M0hkSTmb3a6i3qV3uU+NYJPI/E2XSC0HcsZh5rsLPzeXrkb2DS0Cg==
  dependencies:
    "@aws-sdk/core" "^3.974.11"
    "@aws-sdk/types" "^3.973.8"
    "@smithy/core" "^3.24.2"
    "@smithy/fetch-http-handler" "^5.4.2"
    "@smithy/node-http-handler" "^4.7.2"
    "@smithy/types" "^4.14.1"
    tslib "^2.6.2"

"@aws-sdk/credential-provider-ini@^3.972.41":
  version "3.972.41"
  resolved "https://registry.yarnpkg.com/@aws-sdk/credential-provider-ini/-/credential-provider-ini-3.972.41.tgz#32f25a66c1f4902015493a69240def5759c3df1a"
  integrity sha512-u2tyjaxJJzW8UtW4SM1ZcPMDwO6y+kV+llvou+Adts0FAKyzes5jG4izQN+KX3yE8ZROpS5y1LJ//xL2iSf76w==
  dependencies:
    "@aws-sdk/core" "^3.974.11"
    "@aws-sdk/credential-provider-env" "^3.972.37"
    "@aws-sdk/credential-provider-http" "^3.972.39"
    "@aws-sdk/credential-provider-login" "^3.972.41"
    "@aws-sdk/credential-provider-process" "^3.972.37"
    "@aws-sdk/credential-provider-sso" "^3.972.41"
    "@aws-sdk/credential-provider-web-identity" "^3.972.41"
    "@aws-sdk/nested-clients" "^3.997.9"
    "@aws-sdk/types" "^3.973.8"
    "@smithy/core" "^3.24.2"
    "@smithy/credential-provider-imds" "^4.3.2"
    "@smithy/types" "^4.14.1"
    tslib "^2.6.2"

"@aws-sdk/credential-provider-login@^3.972.41":
  version "3.972.41"
  resolved "https://registry.yarnpkg.com/@aws-sdk/credential-provider-login/-/credential-provider-login-3.972.41.tgz#1199f4ce0213c36cab5561fc4a783edf91876dd0"
  integrity sha512-0LBitxXiAiaE5nlFPfpNIww/8FRY/I7WIndWsc9GmNFOM7cE1wNpVNQEGEk9Outg5l8xl+3vybxFyUy4l9q/LQ==
  dependencies:
    "@aws-sdk/core" "^3.974.11"
    "@aws-sdk/nested-clients" "^3.997.9"
    "@aws-sdk/types" "^3.973.8"
    "@smithy/core" "^3.24.2"
    "@smithy/types" "^4.14.1"
    tslib "^2.6.2"

"@aws-sdk/credential-provider-node@^3.972.42":
  version "3.972.42"
  resolved "https://registry.yarnpkg.com/@aws-sdk/credential-provider-node/-/credential-provider-node-3.972.42.tgz#64a45c356fc877a326e7830e88845c958fe4d290"
  integrity sha512-D4oon2zbqqsWOJUM99Gm3/ZyJ0IJvTXVN3PyloGb3kQEyI36fjCZheZj422lAgTWWd6TSHgiImLt3RIaLdv3dQ==
  dependencies:
    "@aws-sdk/credential-provider-env" "^3.972.37"
    "@aws-sdk/credential-provider-http" "^3.972.39"
    "@aws-sdk/credential-provider-ini" "^3.972.41"
    "@aws-sdk/credential-provider-process" "^3.972.37"
    "@aws-sdk/credential-provider-sso" "^3.972.41"
    "@aws-sdk/credential-provider-web-identity" "^3.972.41"
    "@aws-sdk/types" "^3.973.8"
    "@smithy/core" "^3.24.2"
    "@smithy/credential-provider-imds" "^4.3.2"
    "@smithy/types" "^4.14.1"
    tslib "^2.6.2"

"@aws-sdk/credential-provider-process@^3.972.37":
  version "3.972.37"
  resolved "https://registry.yarnpkg.com/@aws-sdk/credential-provider-process/-/credential-provider-process-3.972.37.tgz#4d6ac5c3ccda1dab2b4a3ce47cc93cc2cc7ad6d3"
  integrity sha512-7nVaHBUaWIddASYfVaA9O4D5ZVjewU3sCol9WqZPGfW0nR+0WqE0xHZnD/U2L33PlOB8KNXGKZ6wOES/QijKzg==
  dependencies:
    "@aws-sdk/core" "^3.974.11"
    "@aws-sdk/types" "^3.973.8"
    "@smithy/core" "^3.24.2"
    "@smithy/types" "^4.14.1"
    tslib "^2.6.2"

"@aws-sdk/credential-provider-sso@^3.972.41":
  version "3.972.41"
  resolved "https://registry.yarnpkg.com/@aws-sdk/credential-provider-sso/-/credential-provider-sso-3.972.41.tgz#110e5b51bd77a8c93dd8d564024bbe4f791788a2"
  integrity sha512-IOWAWEHe5LkjSKkkUUX9ciV6Y1scHTsnfEkdt5yyC4Slrc7AGbkLPrpntjqh18ksJAMOaVhoBsO8p2WyTcY2wQ==
  dependencies:
    "@aws-sdk/core" "^3.974.11"
    "@aws-sdk/nested-clients" "^3.997.9"
    "@aws-sdk/token-providers" "3.1048.0"
    "@aws-sdk/types" "^3.973.8"
    "@smithy/core" "^3.24.2"
    "@smithy/types" "^4.14.1"
    tslib "^2.6.2"

"@aws-sdk/credential-provider-web-identity@^3.972.41":
  version "3.972.41"
  resolved "https://registry.yarnpkg.com/@aws-sdk/credential-provider-web-identity/-/credential-provider-web-identity-3.972.41.tgz#894a98200efd95c066bf8108aebf843899ffbff4"
  integrity sha512-mbACk9Yypa8nm4iGZLs0PofOXEcTDOUw6wDnsPXNDNSd2WNXs1tSo+6nc/fh0jLYdfVZThhBL98PHW4aXFsG5A==
  dependencies:
    "@aws-sdk/core" "^3.974.11"
    "@aws-sdk/nested-clients" "^3.997.9"
    "@aws-sdk/types" "^3.973.8"
    "@smithy/core" "^3.24.2"
    "@smithy/types" "^4.14.1"
    tslib "^2.6.2"

"@aws-sdk/middleware-bucket-endpoint@^3.972.13":
  version "3.972.13"
  resolved "https://registry.yarnpkg.com/@aws-sdk/middleware-bucket-endpoint/-/middleware-bucket-endpoint-3.972.13.tgz#4f1d1f80a88ab420cd93acc7d5e28364e0655496"
  integrity sha512-JDaukix+kt5KwF7FzNSkfZHpqiPJajVkKJLJexF6z5B44+CN70BXGiQaCEAiCtKtRZNvC16eF3SY9L0bDJPlbA==
  dependencies:
    "@aws-sdk/core" "^3.974.11"
    "@aws-sdk/types" "^3.973.8"
    "@smithy/core" "^3.24.2"
    "@smithy/types" "^4.14.1"
    tslib "^2.6.2"

"@aws-sdk/middleware-expect-continue@^3.972.12":
  version "3.972.12"
  resolved "https://registry.yarnpkg.com/@aws-sdk/middleware-expect-continue/-/middleware-expect-continue-3.972.12.tgz#fff5b5e510dd79df913c7e9c25e3f0e26d037078"
  integrity sha512-dA5pKTom/Ls9mgeyeaRBNQrRIVOLVjv4AmKOB0/e4yaiXEUy0gSz2d3liP8JHtYoCAEWySU1jWnyzwLOREN+4g==
  dependencies:
    "@aws-sdk/types" "^3.973.8"
    "@smithy/core" "^3.24.2"
    "@smithy/types" "^4.14.1"
    tslib "^2.6.2"

"@aws-sdk/middleware-flexible-checksums@^3.974.19":
  version "3.974.19"
  resolved "https://registry.yarnpkg.com/@aws-sdk/middleware-flexible-checksums/-/middleware-flexible-checksums-3.974.19.tgz#4832f34b5aa31de3c3f63296531b02d4dfbbef18"
  integrity sha512-GLciZVIvWM3C+ffuqnUqlAZwRjQdLt+KXiqr9+aRwZyKVyF2J5lrJAzzSqwweNl9hUWBN00BhilWXdMI5DjNcw==
  dependencies:
    "@aws-crypto/crc32" "5.2.0"
    "@aws-crypto/crc32c" "5.2.0"
    "@aws-crypto/util" "5.2.0"
    "@aws-sdk/core" "^3.974.11"
    "@aws-sdk/crc64-nvme" "^3.972.8"
    "@aws-sdk/types" "^3.973.8"
    "@smithy/core" "^3.24.2"
    "@smithy/types" "^4.14.1"
    tslib "^2.6.2"

"@aws-sdk/middleware-location-constraint@^3.972.10":
  version "3.972.10"
  resolved "https://registry.yarnpkg.com/@aws-sdk/middleware-location-constraint/-/middleware-location-constraint-3.972.10.tgz#5265ea472f735c50b016bb5d1b46c7a616653733"
  integrity sha512-rI3NZvJcEvjoD0+0PI0iUAwlPw2IlSlhyvgBK/3WkKJQE/YiKFedd9dMN2lVacdNxPNhxL/jzQaKQdrGtQagjQ==
  dependencies:
    "@aws-sdk/types" "^3.973.8"
    "@smithy/types" "^4.14.1"
    tslib "^2.6.2"

"@aws-sdk/middleware-sdk-s3@^3.972.40":
  version "3.972.40"
  resolved "https://registry.yarnpkg.com/@aws-sdk/middleware-sdk-s3/-/middleware-sdk-s3-3.972.40.tgz#01c570ead79cdb31635136f3043c88e78cbb96ef"
  integrity sha512-vyFY4EsAGySqqd87Z7n4qcCYXJO3QArB8VIJzuupY5XuLHIp579HTZldIUGGABvAOzLptfPb9+lJBJcB+3/cvA==
  dependencies:
    "@aws-sdk/core" "^3.974.11"
    "@aws-sdk/signature-v4-multi-region" "^3.996.27"
    "@aws-sdk/types" "^3.973.8"
    "@smithy/core" "^3.24.2"
    "@smithy/signature-v4" "^5.4.2"
    "@smithy/types" "^4.14.1"
    tslib "^2.6.2"

"@aws-sdk/middleware-ssec@^3.972.10":
  version "3.972.10"
  resolved "https://registry.yarnpkg.com/@aws-sdk/middleware-ssec/-/middleware-ssec-3.972.10.tgz#46b5c030c0116f51110e18042ad3cf863ab5c81c"
  integrity sha512-Gli9A0u8EVVb+5bFDGS/QbSVg28w/wpEidg1ggVcSj65BDTdGR6punsOcVjqdiu1i42WHWo51MCvARPIIz9juw==
  dependencies:
    "@aws-sdk/types" "^3.973.8"
    "@smithy/types" "^4.14.1"
    tslib "^2.6.2"

"@aws-sdk/nested-clients@^3.997.9":
  version "3.997.9"
  resolved "https://registry.yarnpkg.com/@aws-sdk/nested-clients/-/nested-clients-3.997.9.tgz#aa58ca9c6a0447f74afe36026fc1fd03e843837d"
  integrity sha512-jPR3rnmRI4hWYyzfmTGBr7NblMp8QYYeflHXba1H6+7CGrWVqWKQzaXFQ4qbExqPRsXN3T3L3JxFhr6aouXUGQ==
  dependencies:
    "@aws-crypto/sha256-browser" "5.2.0"
    "@aws-crypto/sha256-js" "5.2.0"
    "@aws-sdk/core" "^3.974.11"
    "@aws-sdk/signature-v4-multi-region" "^3.996.27"
    "@aws-sdk/types" "^3.973.8"
    "@smithy/core" "^3.24.2"
    "@smithy/fetch-http-handler" "^5.4.2"
    "@smithy/node-http-handler" "^4.7.2"
    "@smithy/types" "^4.14.1"
    tslib "^2.6.2"

"@aws-sdk/signature-v4-multi-region@^3.996.27":
  version "3.996.27"
  resolved "https://registry.yarnpkg.com/@aws-sdk/signature-v4-multi-region/-/signature-v4-multi-region-3.996.27.tgz#69cca231af7317afbb728417e7e0e84707206a82"
  integrity sha512-0Phbz4t6HI3D3skxvG2uI+VWU034/nSIw1T8d+FPzzQG9EQTrw94o9mOKO2Gv3n3Oc8P7JD7RAUxkoneLWv5Eg==
  dependencies:
    "@aws-sdk/types" "^3.973.8"
    "@smithy/core" "^3.24.2"
    "@smithy/signature-v4" "^5.4.2"
    "@smithy/types" "^4.14.1"
    tslib "^2.6.2"

"@aws-sdk/token-providers@3.1048.0":
  version "3.1048.0"
  resolved "https://registry.yarnpkg.com/@aws-sdk/token-providers/-/token-providers-3.1048.0.tgz#d744de5604fcafa3389bb9ff89aaa5c4836db88f"
  integrity sha512-k0y/GcuesuSfWyUM0WamrGyeZmltRYaPbHO82UDA6mZ/doB+FOHKutikPAtSXMn/hDz970cF+iRuuiYO9VEbAA==
  dependencies:
    "@aws-sdk/core" "^3.974.11"
    "@aws-sdk/nested-clients" "^3.997.9"
    "@aws-sdk/types" "^3.973.8"
    "@smithy/core" "^3.24.2"
    "@smithy/types" "^4.14.1"
    tslib "^2.6.2"

"@aws-sdk/types@^3.222.0", "@aws-sdk/types@^3.973.8":
  version "3.973.8"
  resolved "https://registry.yarnpkg.com/@aws-sdk/types/-/types-3.973.8.tgz#7352cb74a5f8bae1218eee63e714cf94302911c5"
  integrity sha512-gjlAdtHMbtR9X5iIhVUvbVcy55KnznpC6bkDUWW9z915bi0ckdUr5cjf16Kp6xq0bP5HBD2xzgbL9F9Quv5vUw==
  dependencies:
    "@smithy/types" "^4.14.1"
    tslib "^2.6.2"

"@aws-sdk/util-locate-window@^3.0.0":
  version "3.965.5"
  resolved "https://registry.yarnpkg.com/@aws-sdk/util-locate-window/-/util-locate-window-3.965.5.tgz#e30e6ff2aff6436209ed42c765dec2d2a48df7c0"
  integrity sha512-WhlJNNINQB+9qtLtZJcpQdgZw3SCDCpXdUJP7cToGwHbCWCnRckGlc6Bx/OhWwIYFNAn+FIydY8SZ0QmVu3xTQ==
  dependencies:
    tslib "^2.6.2"

"@aws-sdk/xml-builder@^3.972.24":
  version "3.972.24"
  resolved "https://registry.yarnpkg.com/@aws-sdk/xml-builder/-/xml-builder-3.972.24.tgz#83ae19e48bdb897dff595a5430103dd1b4f7b6ff"
  integrity sha512-V8z5YcDPfsvzrBlj0xR1vhRtocblhYbqdreCJB/voGd4Sr5zjNAeWxexbnqVtskTJe0vFb5KMqbSL++ePl+zRw==
  dependencies:
    "@nodable/entities" "2.1.0"
    "@smithy/types" "^4.14.1"
    fast-xml-parser "5.7.3"
    tslib "^2.6.2"

"@aws/lambda-invoke-store@^0.2.2":
  version "0.2.4"
  resolved "https://registry.yarnpkg.com/@aws/lambda-invoke-store/-/lambda-invoke-store-0.2.4.tgz#802f6a50f6b6589063ef63ba8acdee86fcb9f395"
  integrity sha512-iY8yvjE0y651BixKNPgmv1WrQc+GZ142sb0z4gYnChDDY2YqI4P/jsSopBWrKfAt7LOJAkOXt7rC/hms+WclQQ==

"@nodable/entities@2.1.0", "@nodable/entities@^2.1.0":
  version "2.1.0"
  resolved "https://registry.yarnpkg.com/@nodable/entities/-/entities-2.1.0.tgz#f543e5c6446720d4cf9e498a83019dd159973bc2"
  integrity sha512-nyT7T3nbMyBI/lvr6L5TyWbFJAI9FTgVRakNoBqCD+PmID8DzFrrNdLLtHMwMszOtqZa8PAOV24ZqDnQrhQINA==

"@smithy/core@^3.24.2", "@smithy/core@^3.24.3":
  version "3.24.3"
  resolved "https://registry.yarnpkg.com/@smithy/core/-/core-3.24.3.tgz#c9689ce6d64b40eee594a259b4504f1a357f6a54"
  integrity sha512-Ep/7tPamGY8mgESE3LyLKtxJyy6U52WWAqr/3wial47Sj4u3PiIF73AOGI27UyLy9duTkhZbgzodOfLV4TduZg==
  dependencies:
    "@aws-crypto/crc32" "5.2.0"
    "@smithy/types" "^4.14.2"
    tslib "^2.6.2"

"@smithy/credential-provider-imds@^4.3.2":
  version "4.3.3"
  resolved "https://registry.yarnpkg.com/@smithy/credential-provider-imds/-/credential-provider-imds-4.3.3.tgz#bead31aad6bebac48f034016bce77f68f8b2e4ab"
  integrity sha512-I2Bti0DKFo2IJyN28ijCsx51BAumEYR4/1yZ1FXyBygy9MqbnMqCev4JPth/MbpRfBSRAX35hITSnAdJRo1u5w==
  dependencies:
    "@smithy/core" "^3.24.3"
    "@smithy/types" "^4.14.2"
    tslib "^2.6.2"

"@smithy/fetch-http-handler@^5.4.2":
  version "5.4.3"
  resolved "https://registry.yarnpkg.com/@smithy/fetch-http-handler/-/fetch-http-handler-5.4.3.tgz#ad6b505f2b6794c36468e2706ee12c489fa4a4ed"
  integrity sha512-F+DRf8IJazRJgYog2A/yJK7eYVc0rqTlRzO+5ZxjJd4WkZoKz0IJRncf7G6t1pdVT3kryJcwuTFhN1c5m6N47A==
  dependencies:
    "@smithy/core" "^3.24.3"
    "@smithy/types" "^4.14.2"
    tslib "^2.6.2"

"@smithy/is-array-buffer@^2.2.0":
  version "2.2.0"
  resolved "https://registry.yarnpkg.com/@smithy/is-array-buffer/-/is-array-buffer-2.2.0.tgz#f84f0d9f9a36601a9ca9381688bd1b726fd39111"
  integrity sha512-GGP3O9QFD24uGeAXYUjwSTXARoqpZykHadOmA8G5vfJPK0/DC67qa//0qvqrJzL1xc8WQWX7/yc7fwudjPHPhA==
  dependencies:
    tslib "^2.6.2"

"@smithy/node-http-handler@^4.7.2":
  version "4.7.3"
  resolved "https://registry.yarnpkg.com/@smithy/node-http-handler/-/node-http-handler-4.7.3.tgz#ebdfaad62fe4e5bde19824490f9f590d446b746a"
  integrity sha512-/jPhevcTFPMVl6KNjbaI47iOg1zxC7IsnX4PQDGVZKMFceOXtB8IEYaB7a9VvkP/3oC60WzTeKocvSI7vLT0vA==
  dependencies:
    "@smithy/core" "^3.24.3"
    "@smithy/types" "^4.14.2"
    tslib "^2.6.2"

"@smithy/signature-v4@^5.4.2":
  version "5.4.3"
  resolved "https://registry.yarnpkg.com/@smithy/signature-v4/-/signature-v4-5.4.3.tgz#d5bea6e6c32fef6bee0afe6819b9c9551b905103"
  integrity sha512-53+75QuPl6DL+ct6vVEB51FDO5oulXr20TPV46VvJZg76lIlXNWfxi8j+G2V/t0I2qxCBOa3vX/8bmjrpFVo9g==
  dependencies:
    "@smithy/core" "^3.24.3"
    "@smithy/types" "^4.14.2"
    tslib "^2.6.2"

"@smithy/types@^4.14.1", "@smithy/types@^4.14.2":
  version "4.14.2"
  resolved "https://registry.yarnpkg.com/@smithy/types/-/types-4.14.2.tgz#6034ff1e0e52bfb7d744ac371b651a8bf21f30f1"
  integrity sha512-P+otAxbV4CqBybp7EkcJCrig63yE2E7PuNVOmilVMRcx/O+QDzGULTrKsq4DV13gSfak9ObPrWaHl/9bL5YcWw==
  dependencies:
    tslib "^2.6.2"

"@smithy/util-buffer-from@^2.2.0":
  version "2.2.0"
  resolved "https://registry.yarnpkg.com/@smithy/util-buffer-from/-/util-buffer-from-2.2.0.tgz#6fc88585165ec73f8681d426d96de5d402021e4b"
  integrity sha512-IJdWBbTcMQ6DA0gdNhh/BwrLkDR+ADW5Kr1aZmd4k3DIF6ezMV4R2NIAmT08wQJ3yUK82thHWmC/TnK/wpMMIA==
  dependencies:
    "@smithy/is-array-buffer" "^2.2.0"
    tslib "^2.6.2"

"@smithy/util-utf8@^2.0.0":
  version "2.3.0"
  resolved "https://registry.yarnpkg.com/@smithy/util-utf8/-/util-utf8-2.3.0.tgz#dd96d7640363259924a214313c3cf16e7dd329c5"
  integrity sha512-R8Rdn8Hy72KKcebgLiv8jQcQkXoLMOGGv5uI1/k0l+snqkOzQ1R0ChUBCxWMlBsFMekWjq0wRudIweFs7sKT5A==
  dependencies:
    "@smithy/util-buffer-from" "^2.2.0"
    tslib "^2.6.2"

"@types/cron@^2.0.0":
  version "2.4.3"
  resolved "https://registry.yarnpkg.com/@types/cron/-/cron-2.4.3.tgz#c4073ffb46778f1d4a7130e66243cfa99f07fdec"
  integrity sha512-ViRBkoZD9Rk0hGeMdd2GHGaOaZuH9mDmwsE5/Zo53Ftwcvh7h9VJc8lIt2wdgEwS4EW5lbtTX6vlE0idCLPOyA==
  dependencies:
    cron "*"

"@types/luxon@~3.7.0":
  version "3.7.1"
  resolved "https://registry.yarnpkg.com/@types/luxon/-/luxon-3.7.1.tgz#ef51b960ff86801e4e2de80c68813a96e529d531"
  integrity sha512-H3iskjFIAn5SlJU7OuxUmTEpebK6TKB8rxZShDslBMZJ5u9S//KM1sbdAisiSrqwLQncVjnpi2OK2J51h+4lsg==

"@types/node@^24.0.0":
  version "24.12.4"
  resolved "https://registry.yarnpkg.com/@types/node/-/node-24.12.4.tgz#2709745569811dcbdc57c097fafdd387c6330382"
  integrity sha512-GUUEShf+PBCGW2KaXwcIt3Yk+e3pkKwWKb9GSyM9WQVE+ep2jzmHdGsHzu4wgcZy5fN9FBdVzjpBQsYlpfpgLA==
  dependencies:
    undici-types "~7.16.0"

bowser@^2.11.0:
  version "2.14.1"
  resolved "https://registry.yarnpkg.com/bowser/-/bowser-2.14.1.tgz#4ea39bf31e305184522d7ad7bfd91389e4f0cb79"
  integrity sha512-tzPjzCxygAKWFOJP011oxFHs57HzIhOEracIgAePE4pqB3LikALKnSzUyU4MGs9/iCEUuHlAJTjTc5M+u7YEGg==

cron@*, cron@^4.0.0:
  version "4.4.0"
  resolved "https://registry.yarnpkg.com/cron/-/cron-4.4.0.tgz#1488444a23ea7134e2b7686c17711abdffcebba8"
  integrity sha512-fkdfq+b+AHI4cKdhZlppHveI/mgz2qpiYxcm+t5E5TsxX7QrLS1VE0+7GENEk9z0EeGPcpSciGv6ez24duWhwQ==
  dependencies:
    "@types/luxon" "~3.7.0"
    luxon "~3.7.0"

envsafe@^2.0.3:
  version "2.0.3"
  resolved "https://registry.yarnpkg.com/envsafe/-/envsafe-2.0.3.tgz#cb88a9f750a67455638ebfc16f4cd5296bb5e1a0"
  integrity sha512-51lek8h5btjXhXUDW//Pno7HPydM1WQzltOb1/ONRKdwB2QkfAURnN4Qn0cJ5LzGvX2Km1ReR2O3K3Bqq9sBMg==

fast-xml-builder@^1.1.7:
  version "1.2.0"
  resolved "https://registry.yarnpkg.com/fast-xml-builder/-/fast-xml-builder-1.2.0.tgz#abd2363145a7625d9789ad96da375fabe3cff28c"
  integrity sha512-00aAWieqff+ZJhsXA4g1g7M8k+7AYoMUUHF+/zFb5U6Uv/P0Vl4QZo84/IcufzYalLuEj9928bXN9PbbFzMF0Q==
  dependencies:
    path-expression-matcher "^1.5.0"
    xml-naming "^0.1.0"

fast-xml-parser@5.7.3:
  version "5.7.3"
  resolved "https://registry.yarnpkg.com/fast-xml-parser/-/fast-xml-parser-5.7.3.tgz#309b04b08d835defc62ab657a0bb340c0e0fbe6a"
  integrity sha512-C0AaNuC+mscy6vrAQKAc/rMq+zAPHodfHGZu4sGVehvAQt/JLG1O5zEcYcXSY5zSqr4YVgxsB+pHXTq0i7eDlg==
  dependencies:
    "@nodable/entities" "^2.1.0"
    fast-xml-builder "^1.1.7"
    path-expression-matcher "^1.5.0"
    strnum "^2.2.3"

luxon@~3.7.0:
  version "3.7.2"
  resolved "https://registry.yarnpkg.com/luxon/-/luxon-3.7.2.tgz#d697e48f478553cca187a0f8436aff468e3ba0ba"
  integrity sha512-vtEhXh/gNjI9Yg1u4jX/0YVPMvxzHuGgCm6tC5kZyb08yjGWGnqAjGJvcXbqQR2P3MyMEFnRbpcdFS6PBcLqew==

path-expression-matcher@^1.5.0:
  version "1.5.0"
  resolved "https://registry.yarnpkg.com/path-expression-matcher/-/path-expression-matcher-1.5.0.tgz#3b98545dc88ffebb593e2d8458d0929da9275f4a"
  integrity sha512-cbrerZV+6rvdQrrD+iGMcZFEiiSrbv9Tfdkvnusy6y0x0GKBXREFg/Y65GhIfm0tnLntThhzCnfKwp1WRjeCyQ==

strnum@^2.2.3:
  version "2.3.0"
  resolved "https://registry.yarnpkg.com/strnum/-/strnum-2.3.0.tgz#81bfbfef53db8c3217ea62a98c026886ec4a2761"
  integrity sha512-ums3KNd42PGyx5xaoVTO1mjU1bH3NpY4vsrVlnv9PNGqQj8wd7rJ6nEypLrJ7z5vxK5RP0yMLo6J/Gsm62DI5Q==

tslib@^2.6.2:
  version "2.8.1"
  resolved "https://registry.yarnpkg.com/tslib/-/tslib-2.8.1.tgz#612efe4ed235d567e8aba5f2a5fab70280ade83f"
  integrity sha512-oJFu94HQb+KVduSUQL7wnpmqnfmLsOA/nAh6b6EH0wCEoK0/mPeXU6c3wKDV83MkOuHPRHtSXKKU99IBazS/2w==

typescript@^6.0.0:
  version "6.0.3"
  resolved "https://registry.yarnpkg.com/typescript/-/typescript-6.0.3.tgz#90251dc007916e972786cb94d74d15b185577d21"
  integrity sha512-y2TvuxSZPDyQakkFRPZHKFm+KKVqIisdg9/CZwm9ftvKXLP8NRWj38/ODjNbr43SsoXqNuAisEf1GdCxqWcdBw==

undici-types@~7.16.0:
  version "7.16.0"
  resolved "https://registry.yarnpkg.com/undici-types/-/undici-types-7.16.0.tgz#ffccdff36aea4884cbfce9a750a0580224f58a46"
  integrity sha512-Zz+aZWSj8LE6zoxD+xrjh4VfkIG8Ya6LvYkZqtUQGJPZjYl53ypCaUwWqo7eI0x66KBGeRo+mlBEkMSeSZ38Nw==

xml-naming@^0.1.0:
  version "0.1.0"
  resolved "https://registry.yarnpkg.com/xml-naming/-/xml-naming-0.1.0.tgz#8ab7106c5b8d23caa2fabac1cadf17136379fbd8"
  integrity sha512-k8KO9hrMyNk6tUWqUfkTEZbezRRpONVOzUTnc97VnCvyj6Tf9lyUR9EDAIeiVLv56jsMcoXEwjW8Kv5yPY52lw==
